// !$*UTF8*$!
{
	archiveVersion = 1;
	classes = {
	};
	objectVersion = 55;
	objects = {

/* Begin PBXBuildFile section */
		571547BF2711EBAC00EF0BDF /* Boro WatchKit App.app in Embed Watch Content */ = {isa = PBXBuildFile; fileRef = 571813E72708E4EA00513DA8 /* Boro WatchKit App.app */; settings = {ATTRIBUTES = (RemoveHeadersOnCopy, ); }; };
		571813ED2708E4EB00513DA8 /* Assets.xcassets in Resources */ = {isa = PBXBuildFile; fileRef = 571813EC2708E4EB00513DA8 /* Assets.xcassets */; };
		571813F82708E4EC00513DA8 /* BoroView.swift in Sources */ = {isa = PBXBuildFile; fileRef = 571813F72708E4EC00513DA8 /* BoroView.swift */; };
		571813FA2708E4EC00513DA8 /* BoroApp.swift in Sources */ = {isa = PBXBuildFile; fileRef = 571813F92708E4EC00513DA8 /* BoroApp.swift */; };
		571813FC2708E4EC00513DA8 /* ComplicationController.swift in Sources */ = {isa = PBXBuildFile; fileRef = 571813FB2708E4EC00513DA8 /* ComplicationController.swift */; };
		571813FE2708E4ED00513DA8 /* Assets.xcassets in Resources */ = {isa = PBXBuildFile; fileRef = 571813FD2708E4ED00513DA8 /* Assets.xcassets */; };
		571814012708E4ED00513DA8 /* Preview Assets.xcassets in Resources */ = {isa = PBXBuildFile; fileRef = 571814002708E4ED00513DA8 /* Preview Assets.xcassets */; };
		571814192708E58D00513DA8 /* BoroKit.docc in Sources */ = {isa = PBXBuildFile; fileRef = 571814182708E58D00513DA8 /* BoroKit.docc */; };
		5718141F2708E58E00513DA8 /* BoroKit.framework in Frameworks */ = {isa = PBXBuildFile; fileRef = 571814152708E58D00513DA8 /* BoroKit.framework */; };
		571814262708E58E00513DA8 /* BoroTests.swift in Sources */ = {isa = PBXBuildFile; fileRef = 571814252708E58E00513DA8 /* BoroTests.swift */; };
		571814272708E58E00513DA8 /* BoroKit.h in Headers */ = {isa = PBXBuildFile; fileRef = 571814172708E58D00513DA8 /* BoroKit.h */; settings = {ATTRIBUTES = (Public, ); }; };
		5718142A2708E58E00513DA8 /* BoroKit.framework in Frameworks */ = {isa = PBXBuildFile; fileRef = 571814152708E58D00513DA8 /* BoroKit.framework */; };
		5718142B2708E58E00513DA8 /* BoroKit.framework in Embed Frameworks */ = {isa = PBXBuildFile; fileRef = 571814152708E58D00513DA8 /* BoroKit.framework */; settings = {ATTRIBUTES = (CodeSignOnCopy, RemoveHeadersOnCopy, ); }; };
		571814342708E5C500513DA8 /* BoroKit.swift in Sources */ = {isa = PBXBuildFile; fileRef = 571814332708E5C500513DA8 /* BoroKit.swift */; };
		5726F9362C55757300714AB5 /* BoroKitUI.h in Headers */ = {isa = PBXBuildFile; fileRef = 5726F9352C55757300714AB5 /* BoroKitUI.h */; settings = {ATTRIBUTES = (Public, ); }; };
		5726F93B2C5575BD00714AB5 /* BoroKitViews.swift in Sources */ = {isa = PBXBuildFile; fileRef = 5726F93A2C5575BD00714AB5 /* BoroKitViews.swift */; };
		5726F93D2C55761100714AB5 /* BoroKitUI.framework in Frameworks */ = {isa = PBXBuildFile; fileRef = 5726F9332C55757300714AB5 /* BoroKitUI.framework */; };
		5726F93E2C55761100714AB5 /* BoroKitUI.framework in Embed Frameworks */ = {isa = PBXBuildFile; fileRef = 5726F9332C55757300714AB5 /* BoroKitUI.framework */; settings = {ATTRIBUTES = (CodeSignOnCopy, RemoveHeadersOnCopy, ); }; };
		5726F9412C55761C00714AB5 /* BoroKit.framework in Frameworks */ = {isa = PBXBuildFile; fileRef = 571814152708E58D00513DA8 /* BoroKit.framework */; };
		5726F9422C55761C00714AB5 /* BoroKit.framework in Embed Frameworks */ = {isa = PBXBuildFile; fileRef = 571814152708E58D00513DA8 /* BoroKit.framework */; settings = {ATTRIBUTES = (CodeSignOnCopy, RemoveHeadersOnCopy, ); }; };
		5726F9472C55764B00714AB5 /* BoroKit-Styles.swift in Sources */ = {isa = PBXBuildFile; fileRef = 5726F9462C55764B00714AB5 /* BoroKit-Styles.swift */; };
		5741DC6E2710DABB006BCF3F /* BoroIcon.swift in Sources */ = {isa = PBXBuildFile; fileRef = 5741DC6D2710DABB006BCF3F /* BoroIcon.swift */; };
		57CE009C270B335D00D496F3 /* ExtensionDelegate.swift in Sources */ = {isa = PBXBuildFile; fileRef = 57CE009B270B335D00D496F3 /* ExtensionDelegate.swift */; };
		57CE009E270B4A3600D496F3 /* BoroKitTests.swift in Sources */ = {isa = PBXBuildFile; fileRef = 57CE009D270B4A3600D496F3 /* BoroKitTests.swift */; };
		57CE00A0270B50E000D496F3 /* Helpers.swift in Sources */ = {isa = PBXBuildFile; fileRef = 57CE009F270B50E000D496F3 /* Helpers.swift */; };
		57CE00A2270B510D00D496F3 /* BoroModels.swift in Sources */ = {isa = PBXBuildFile; fileRef = 57CE00A1270B510D00D496F3 /* BoroModels.swift */; };
/* End PBXBuildFile section */

/* Begin PBXContainerItemProxy section */
		571547BD2711EB9400EF0BDF /* PBXContainerItemProxy */ = {
			isa = PBXContainerItemProxy;
			containerPortal = 571813DD2708E4E900513DA8 /* Project object */;
			proxyType = 1;
			remoteGlobalIDString = 571813E62708E4EA00513DA8;
			remoteInfo = "Boro WatchKit App";
		};
		571814202708E58E00513DA8 /* PBXContainerItemProxy */ = {
			isa = PBXContainerItemProxy;
			containerPortal = 571813DD2708E4E900513DA8 /* Project object */;
			proxyType = 1;
			remoteGlobalIDString = 571814142708E58D00513DA8;
			remoteInfo = BoroKit;
		};
		5726F93F2C55761100714AB5 /* PBXContainerItemProxy */ = {
			isa = PBXContainerItemProxy;
			containerPortal = 571813DD2708E4E900513DA8 /* Project object */;
			proxyType = 1;
			remoteGlobalIDString = 5726F9322C55757300714AB5;
			remoteInfo = BoroKitUI;
		};
		5726F9432C55761C00714AB5 /* PBXContainerItemProxy */ = {
			isa = PBXContainerItemProxy;
			containerPortal = 571813DD2708E4E900513DA8 /* Project object */;
			proxyType = 1;
			remoteGlobalIDString = 571814142708E58D00513DA8;
			remoteInfo = BoroKit;
		};
		5770EB5F29D0EBD9003C2A3D /* PBXContainerItemProxy */ = {
			isa = PBXContainerItemProxy;
			containerPortal = 571813DD2708E4E900513DA8 /* Project object */;
			proxyType = 1;
			remoteGlobalIDString = 571814142708E58D00513DA8;
			remoteInfo = BoroKit;
		};
		5770EB6129D0EBDA003C2A3D /* PBXContainerItemProxy */ = {
			isa = PBXContainerItemProxy;
			containerPortal = 571813DD2708E4E900513DA8 /* Project object */;
			proxyType = 1;
			remoteGlobalIDString = 571813E62708E4EA00513DA8;
			remoteInfo = "Boro WatchKit App";
		};
/* End PBXContainerItemProxy section */

/* Begin PBXCopyFilesBuildPhase section */
		571547852711E63400EF0BDF /* Embed Watch Content */ = {
			isa = PBXCopyFilesBuildPhase;
			buildActionMask = 2147483647;
			dstPath = "$(CONTENTS_FOLDER_PATH)/Watch";
			dstSubfolderSpec = 16;
			files = (
				571547BF2711EBAC00EF0BDF /* Boro WatchKit App.app in Embed Watch Content */,
			);
			name = "Embed Watch Content";
			runOnlyForDeploymentPostprocessing = 0;
		};
		5718142F2708E58E00513DA8 /* Embed Frameworks */ = {
			isa = PBXCopyFilesBuildPhase;
			buildActionMask = 2147483647;
			dstPath = "";
			dstSubfolderSpec = 10;
			files = (
				5718142B2708E58E00513DA8 /* BoroKit.framework in Embed Frameworks */,
				5726F93E2C55761100714AB5 /* BoroKitUI.framework in Embed Frameworks */,
			);
			name = "Embed Frameworks";
			runOnlyForDeploymentPostprocessing = 0;
		};
		5726F9452C55761C00714AB5 /* Embed Frameworks */ = {
			isa = PBXCopyFilesBuildPhase;
			buildActionMask = 2147483647;
			dstPath = "";
			dstSubfolderSpec = 10;
			files = (
				5726F9422C55761C00714AB5 /* BoroKit.framework in Embed Frameworks */,
			);
			name = "Embed Frameworks";
			runOnlyForDeploymentPostprocessing = 0;
		};
/* End PBXCopyFilesBuildPhase section */

/* Begin PBXFileReference section */
		57145858271311DE00505D79 /* Brooklyn.gpx */ = {isa = PBXFileReference; lastKnownFileType = text.xml; path = Brooklyn.gpx; sourceTree = "<group>"; };
		571458592713121B00505D79 /* StatenIsland.gpx */ = {isa = PBXFileReference; lastKnownFileType = text.xml; path = StatenIsland.gpx; sourceTree = "<group>"; };
		5714585A2713123300505D79 /* Bronx.gpx */ = {isa = PBXFileReference; lastKnownFileType = text.xml; path = Bronx.gpx; sourceTree = "<group>"; };
		571547592711DFDB00EF0BDF /* xlarge.png */ = {isa = PBXFileReference; lastKnownFileType = image.png; path = xlarge.png; sourceTree = "<group>"; };
		5715475A2711DFDB00EF0BDF /* graphic-corner.png */ = {isa = PBXFileReference; lastKnownFileType = image.png; path = "graphic-corner.png"; sourceTree = "<group>"; };
		5715475B2711DFDB00EF0BDF /* usmall.png */ = {isa = PBXFileReference; lastKnownFileType = image.png; path = usmall.png; sourceTree = "<group>"; };
		5715475C2711DFDB00EF0BDF /* graphic-circular.png */ = {isa = PBXFileReference; lastKnownFileType = image.png; path = "graphic-circular.png"; sourceTree = "<group>"; };
		5715475F2711E63000EF0BDF /* Boro.app */ = {isa = PBXFileReference; explicitFileType = wrapper.application; includeInIndex = 0; path = Boro.app; sourceTree = BUILT_PRODUCTS_DIR; };
		571547C02711FA1300EF0BDF /* Info.plist */ = {isa = PBXFileReference; lastKnownFileType = text.plist.xml; path = Info.plist; sourceTree = "<group>"; };
		571547C32711FFD500EF0BDF /* Boro-WatchKit-App-Info.plist */ = {isa = PBXFileReference; lastKnownFileType = text.plist.xml; name = "Boro-WatchKit-App-Info.plist"; path = "Boro WatchKit App/Boro-WatchKit-App-Info.plist"; sourceTree = SOURCE_ROOT; };
		571813E72708E4EA00513DA8 /* Boro WatchKit App.app */ = {isa = PBXFileReference; explicitFileType = wrapper.application; includeInIndex = 0; path = "Boro WatchKit App.app"; sourceTree = BUILT_PRODUCTS_DIR; };
		571813EC2708E4EB00513DA8 /* Assets.xcassets */ = {isa = PBXFileReference; lastKnownFileType = folder.assetcatalog; path = Assets.xcassets; sourceTree = "<group>"; };
		571813F72708E4EC00513DA8 /* BoroView.swift */ = {isa = PBXFileReference; lastKnownFileType = sourcecode.swift; path = BoroView.swift; sourceTree = "<group>"; };
		571813F92708E4EC00513DA8 /* BoroApp.swift */ = {isa = PBXFileReference; lastKnownFileType = sourcecode.swift; path = BoroApp.swift; sourceTree = "<group>"; };
		571813FB2708E4EC00513DA8 /* ComplicationController.swift */ = {isa = PBXFileReference; lastKnownFileType = sourcecode.swift; path = ComplicationController.swift; sourceTree = "<group>"; };
		571813FD2708E4ED00513DA8 /* Assets.xcassets */ = {isa = PBXFileReference; lastKnownFileType = folder.assetcatalog; path = Assets.xcassets; sourceTree = "<group>"; };
		571814002708E4ED00513DA8 /* Preview Assets.xcassets */ = {isa = PBXFileReference; lastKnownFileType = folder.assetcatalog; path = "Preview Assets.xcassets"; sourceTree = "<group>"; };
		571814022708E4ED00513DA8 /* Info.plist */ = {isa = PBXFileReference; lastKnownFileType = text.plist.xml; path = Info.plist; sourceTree = "<group>"; };
		571814152708E58D00513DA8 /* BoroKit.framework */ = {isa = PBXFileReference; explicitFileType = wrapper.framework; includeInIndex = 0; path = BoroKit.framework; sourceTree = BUILT_PRODUCTS_DIR; };
		571814172708E58D00513DA8 /* BoroKit.h */ = {isa = PBXFileReference; lastKnownFileType = sourcecode.c.h; path = BoroKit.h; sourceTree = "<group>"; };
		571814182708E58D00513DA8 /* BoroKit.docc */ = {isa = PBXFileReference; lastKnownFileType = folder.documentationcatalog; path = BoroKit.docc; sourceTree = "<group>"; };
		5718141E2708E58E00513DA8 /* BoroKitTests.xctest */ = {isa = PBXFileReference; explicitFileType = wrapper.cfbundle; includeInIndex = 0; path = BoroKitTests.xctest; sourceTree = BUILT_PRODUCTS_DIR; };
		571814252708E58E00513DA8 /* BoroTests.swift */ = {isa = PBXFileReference; lastKnownFileType = sourcecode.swift; path = BoroTests.swift; sourceTree = "<group>"; };
		571814332708E5C500513DA8 /* BoroKit.swift */ = {isa = PBXFileReference; lastKnownFileType = sourcecode.swift; path = BoroKit.swift; sourceTree = "<group>"; };
		5726F9332C55757300714AB5 /* BoroKitUI.framework */ = {isa = PBXFileReference; explicitFileType = wrapper.framework; includeInIndex = 0; path = BoroKitUI.framework; sourceTree = BUILT_PRODUCTS_DIR; };
		5726F9352C55757300714AB5 /* BoroKitUI.h */ = {isa = PBXFileReference; lastKnownFileType = sourcecode.c.h; path = BoroKitUI.h; sourceTree = "<group>"; };
		5726F93A2C5575BD00714AB5 /* BoroKitViews.swift */ = {isa = PBXFileReference; lastKnownFileType = sourcecode.swift; path = BoroKitViews.swift; sourceTree = "<group>"; };
		5726F9462C55764B00714AB5 /* BoroKit-Styles.swift */ = {isa = PBXFileReference; lastKnownFileType = sourcecode.swift; path = "BoroKit-Styles.swift"; sourceTree = "<group>"; };
		5741DC6D2710DABB006BCF3F /* BoroIcon.swift */ = {isa = PBXFileReference; lastKnownFileType = sourcecode.swift; path = BoroIcon.swift; sourceTree = "<group>"; };
		5742473127130A7300B2AC2F /* Queens.gpx */ = {isa = PBXFileReference; lastKnownFileType = text.xml; path = Queens.gpx; sourceTree = "<group>"; };
		5790D7B5270B5F9300A143A3 /* README.md */ = {isa = PBXFileReference; fileEncoding = 4; lastKnownFileType = net.daringfireball.markdown; path = README.md; sourceTree = "<group>"; };
		57CE009B270B335D00D496F3 /* ExtensionDelegate.swift */ = {isa = PBXFileReference; lastKnownFileType = sourcecode.swift; path = ExtensionDelegate.swift; sourceTree = "<group>"; };
		57CE009D270B4A3600D496F3 /* BoroKitTests.swift */ = {isa = PBXFileReference; lastKnownFileType = sourcecode.swift; path = BoroKitTests.swift; sourceTree = "<group>"; };
		57CE009F270B50E000D496F3 /* Helpers.swift */ = {isa = PBXFileReference; lastKnownFileType = sourcecode.swift; path = Helpers.swift; sourceTree = "<group>"; };
		57CE00A1270B510D00D496F3 /* BoroModels.swift */ = {isa = PBXFileReference; lastKnownFileType = sourcecode.swift; path = BoroModels.swift; sourceTree = "<group>"; };
		57D4400F270BAC6A004E6CC3 /* BoroTestPlan.xctestplan */ = {isa = PBXFileReference; lastKnownFileType = text; path = BoroTestPlan.xctestplan; sourceTree = "<group>"; };
/* End PBXFileReference section */

/* Begin PBXFrameworksBuildPhase section */
		571813EF2708E4EC00513DA8 /* Frameworks */ = {
			isa = PBXFrameworksBuildPhase;
			buildActionMask = 2147483647;
			files = (
				5718142A2708E58E00513DA8 /* BoroKit.framework in Frameworks */,
				5726F93D2C55761100714AB5 /* BoroKitUI.framework in Frameworks */,
			);
			runOnlyForDeploymentPostprocessing = 0;
		};
		571814122708E58D00513DA8 /* Frameworks */ = {
			isa = PBXFrameworksBuildPhase;
			buildActionMask = 2147483647;
			files = (
			);
			runOnlyForDeploymentPostprocessing = 0;
		};
		5718141B2708E58E00513DA8 /* Frameworks */ = {
			isa = PBXFrameworksBuildPhase;
			buildActionMask = 2147483647;
			files = (
				5718141F2708E58E00513DA8 /* BoroKit.framework in Frameworks */,
			);
			runOnlyForDeploymentPostprocessing = 0;
		};
		5726F9302C55757300714AB5 /* Frameworks */ = {
			isa = PBXFrameworksBuildPhase;
			buildActionMask = 2147483647;
			files = (
				5726F9412C55761C00714AB5 /* BoroKit.framework in Frameworks */,
			);
			runOnlyForDeploymentPostprocessing = 0;
		};
/* End PBXFrameworksBuildPhase section */

/* Begin PBXGroup section */
		571547582711DF9C00EF0BDF /* readme-assets */ = {
			isa = PBXGroup;
			children = (
				5715475C2711DFDB00EF0BDF /* graphic-circular.png */,
				571547592711DFDB00EF0BDF /* xlarge.png */,
				5715475A2711DFDB00EF0BDF /* graphic-corner.png */,
				5715475B2711DFDB00EF0BDF /* usmall.png */,
			);
			path = "readme-assets";
			sourceTree = "<group>";
		};
		571813DC2708E4E900513DA8 = {
			isa = PBXGroup;
			children = (
				571547C02711FA1300EF0BDF /* Info.plist */,
				571547582711DF9C00EF0BDF /* readme-assets */,
				5790D7B5270B5F9300A143A3 /* README.md */,
				571813EB2708E4EA00513DA8 /* Boro WatchKit App */,
				571813F62708E4EC00513DA8 /* Boro WatchKit Extension */,
				571814162708E58D00513DA8 /* BoroKit */,
				571814242708E58E00513DA8 /* BoroKitTests */,
				5742473027130A0500B2AC2F /* Location Routine */,
				5726F9342C55757300714AB5 /* BoroKitUI */,
				571813E42708E4E900513DA8 /* Products */,
				5726F93C2C55761100714AB5 /* Frameworks */,
			);
			sourceTree = "<group>";
		};
		571813E42708E4E900513DA8 /* Products */ = {
			isa = PBXGroup;
			children = (
				571813E72708E4EA00513DA8 /* Boro WatchKit App.app */,
				571814152708E58D00513DA8 /* BoroKit.framework */,
				5718141E2708E58E00513DA8 /* BoroKitTests.xctest */,
				5715475F2711E63000EF0BDF /* Boro.app */,
				5726F9332C55757300714AB5 /* BoroKitUI.framework */,
			);
			name = Products;
			sourceTree = "<group>";
		};
		571813EB2708E4EA00513DA8 /* Boro WatchKit App */ = {
			isa = PBXGroup;
			children = (
				571547C32711FFD500EF0BDF /* Boro-WatchKit-App-Info.plist */,
				571813EC2708E4EB00513DA8 /* Assets.xcassets */,
			);
			path = "Boro WatchKit App";
			sourceTree = "<group>";
		};
		571813F62708E4EC00513DA8 /* Boro WatchKit Extension */ = {
			isa = PBXGroup;
			children = (
				571813F72708E4EC00513DA8 /* BoroView.swift */,
				5741DC6D2710DABB006BCF3F /* BoroIcon.swift */,
				571813F92708E4EC00513DA8 /* BoroApp.swift */,
				57CE009B270B335D00D496F3 /* ExtensionDelegate.swift */,
				571813FB2708E4EC00513DA8 /* ComplicationController.swift */,
				571813FD2708E4ED00513DA8 /* Assets.xcassets */,
				571814022708E4ED00513DA8 /* Info.plist */,
				571813FF2708E4ED00513DA8 /* Preview Content */,
			);
			path = "Boro WatchKit Extension";
			sourceTree = "<group>";
		};
		571813FF2708E4ED00513DA8 /* Preview Content */ = {
			isa = PBXGroup;
			children = (
				571814002708E4ED00513DA8 /* Preview Assets.xcassets */,
			);
			path = "Preview Content";
			sourceTree = "<group>";
		};
		571814162708E58D00513DA8 /* BoroKit */ = {
			isa = PBXGroup;
			children = (
				571814172708E58D00513DA8 /* BoroKit.h */,
				571814182708E58D00513DA8 /* BoroKit.docc */,
				571814332708E5C500513DA8 /* BoroKit.swift */,
				57CE00A1270B510D00D496F3 /* BoroModels.swift */,
				57CE009F270B50E000D496F3 /* Helpers.swift */,
			);
			path = BoroKit;
			sourceTree = "<group>";
		};
		571814242708E58E00513DA8 /* BoroKitTests */ = {
			isa = PBXGroup;
			children = (
				571814252708E58E00513DA8 /* BoroTests.swift */,
				57CE009D270B4A3600D496F3 /* BoroKitTests.swift */,
				57D4400F270BAC6A004E6CC3 /* BoroTestPlan.xctestplan */,
			);
			path = BoroKitTests;
			sourceTree = "<group>";
		};
		5726F9342C55757300714AB5 /* BoroKitUI */ = {
			isa = PBXGroup;
			children = (
				5726F9352C55757300714AB5 /* BoroKitUI.h */,
				5726F93A2C5575BD00714AB5 /* BoroKitViews.swift */,
				5726F9462C55764B00714AB5 /* BoroKit-Styles.swift */,
			);
			path = BoroKitUI;
			sourceTree = "<group>";
		};
		5726F93C2C55761100714AB5 /* Frameworks */ = {
			isa = PBXGroup;
			children = (
			);
			name = Frameworks;
			sourceTree = "<group>";
		};
		5742473027130A0500B2AC2F /* Location Routine */ = {
			isa = PBXGroup;
			children = (
				5742473127130A7300B2AC2F /* Queens.gpx */,
				57145858271311DE00505D79 /* Brooklyn.gpx */,
				571458592713121B00505D79 /* StatenIsland.gpx */,
				5714585A2713123300505D79 /* Bronx.gpx */,
			);
			path = "Location Routine";
			sourceTree = "<group>";
		};
/* End PBXGroup section */

/* Begin PBXHeadersBuildPhase section */
		571814102708E58D00513DA8 /* Headers */ = {
			isa = PBXHeadersBuildPhase;
			buildActionMask = 2147483647;
			files = (
				571814272708E58E00513DA8 /* BoroKit.h in Headers */,
			);
			runOnlyForDeploymentPostprocessing = 0;
		};
		5726F92E2C55757300714AB5 /* Headers */ = {
			isa = PBXHeadersBuildPhase;
			buildActionMask = 2147483647;
			files = (
				5726F9362C55757300714AB5 /* BoroKitUI.h in Headers */,
			);
			runOnlyForDeploymentPostprocessing = 0;
		};
/* End PBXHeadersBuildPhase section */

/* Begin PBXNativeTarget section */
		5715475E2711E63000EF0BDF /* Boro */ = {
			isa = PBXNativeTarget;
			buildConfigurationList = 571547862711E63400EF0BDF /* Build configuration list for PBXNativeTarget "Boro" */;
			buildPhases = (
				5715475D2711E63000EF0BDF /* Resources */,
				571547852711E63400EF0BDF /* Embed Watch Content */,
			);
			buildRules = (
			);
			dependencies = (
				571547BE2711EB9400EF0BDF /* PBXTargetDependency */,
			);
			name = Boro;
			productName = Boro;
			productReference = 5715475F2711E63000EF0BDF /* Boro.app */;
			productType = "com.apple.product-type.application.watchapp2-container";
		};
		571813E62708E4EA00513DA8 /* Boro WatchKit App */ = {
			isa = PBXNativeTarget;
			buildConfigurationList = 571814092708E4ED00513DA8 /* Build configuration list for PBXNativeTarget "Boro WatchKit App" */;
			buildPhases = (
				571813E52708E4EA00513DA8 /* Resources */,
				571813EE2708E4EC00513DA8 /* Sources */,
				571813EF2708E4EC00513DA8 /* Frameworks */,
				5718142F2708E58E00513DA8 /* Embed Frameworks */,
			);
			buildRules = (
			);
			dependencies = (
				5770EB6029D0EBD9003C2A3D /* PBXTargetDependency */,
				5726F9402C55761100714AB5 /* PBXTargetDependency */,
			);
			name = "Boro WatchKit App";
			productName = "Boro WatchKit App";
			productReference = 571813E72708E4EA00513DA8 /* Boro WatchKit App.app */;
			productType = "com.apple.product-type.application";
		};
		571814142708E58D00513DA8 /* BoroKit */ = {
			isa = PBXNativeTarget;
			buildConfigurationList = 5718142C2708E58E00513DA8 /* Build configuration list for PBXNativeTarget "BoroKit" */;
			buildPhases = (
				571814102708E58D00513DA8 /* Headers */,
				571814112708E58D00513DA8 /* Sources */,
				571814122708E58D00513DA8 /* Frameworks */,
				571814132708E58D00513DA8 /* Resources */,
			);
			buildRules = (
			);
			dependencies = (
			);
			name = BoroKit;
			productName = BoroKit;
			productReference = 571814152708E58D00513DA8 /* BoroKit.framework */;
			productType = "com.apple.product-type.framework";
		};
		5718141D2708E58E00513DA8 /* BoroKitTests */ = {
			isa = PBXNativeTarget;
			buildConfigurationList = 571814302708E58E00513DA8 /* Build configuration list for PBXNativeTarget "BoroKitTests" */;
			buildPhases = (
				5718141A2708E58E00513DA8 /* Sources */,
				5718141B2708E58E00513DA8 /* Frameworks */,
				5718141C2708E58E00513DA8 /* Resources */,
			);
			buildRules = (
			);
			dependencies = (
				571814212708E58E00513DA8 /* PBXTargetDependency */,
				5770EB6229D0EBDA003C2A3D /* PBXTargetDependency */,
			);
			name = BoroKitTests;
			productName = BoroKitTests;
			productReference = 5718141E2708E58E00513DA8 /* BoroKitTests.xctest */;
			productType = "com.apple.product-type.bundle.unit-test";
		};
		5726F9322C55757300714AB5 /* BoroKitUI */ = {
			isa = PBXNativeTarget;
			buildConfigurationList = 5726F9392C55757300714AB5 /* Build configuration list for PBXNativeTarget "BoroKitUI" */;
			buildPhases = (
				5726F92E2C55757300714AB5 /* Headers */,
				5726F92F2C55757300714AB5 /* Sources */,
				5726F9302C55757300714AB5 /* Frameworks */,
				5726F9312C55757300714AB5 /* Resources */,
				5726F9452C55761C00714AB5 /* Embed Frameworks */,
			);
			buildRules = (
			);
			dependencies = (
				5726F9442C55761C00714AB5 /* PBXTargetDependency */,
			);
			name = BoroKitUI;
			productName = BoroKitUI;
			productReference = 5726F9332C55757300714AB5 /* BoroKitUI.framework */;
			productType = "com.apple.product-type.framework";
		};
/* End PBXNativeTarget section */

/* Begin PBXProject section */
		571813DD2708E4E900513DA8 /* Project object */ = {
			isa = PBXProject;
			attributes = {
				BuildIndependentTargetsInParallel = 1;
				LastSwiftUpdateCheck = 1300;
				LastUpgradeCheck = 1410;
				TargetAttributes = {
					5715475E2711E63000EF0BDF = {
						CreatedOnToolsVersion = 13.0;
					};
					571813E62708E4EA00513DA8 = {
						CreatedOnToolsVersion = 13.0;
					};
					571814142708E58D00513DA8 = {
						CreatedOnToolsVersion = 13.0;
					};
					5718141D2708E58E00513DA8 = {
						CreatedOnToolsVersion = 13.0;
						TestTargetID = 571813E62708E4EA00513DA8;
					};
					5726F9322C55757300714AB5 = {
						CreatedOnToolsVersion = 15.2;
						LastSwiftMigration = 1520;
					};
				};
			};
			buildConfigurationList = 571813E02708E4E900513DA8 /* Build configuration list for PBXProject "Boro" */;
			compatibilityVersion = "Xcode 13.0";
			developmentRegion = en;
			hasScannedForEncodings = 0;
			knownRegions = (
				en,
				Base,
			);
			mainGroup = 571813DC2708E4E900513DA8;
			productRefGroup = 571813E42708E4E900513DA8 /* Products */;
			projectDirPath = "";
			projectRoot = "";
			targets = (
				5715475E2711E63000EF0BDF /* Boro */,
				571813E62708E4EA00513DA8 /* Boro WatchKit App */,
				571814142708E58D00513DA8 /* BoroKit */,
				5718141D2708E58E00513DA8 /* BoroKitTests */,
				5726F9322C55757300714AB5 /* BoroKitUI */,
			);
		};
/* End PBXProject section */

/* Begin PBXResourcesBuildPhase section */
		5715475D2711E63000EF0BDF /* Resources */ = {
			isa = PBXResourcesBuildPhase;
			buildActionMask = 2147483647;
			files = (
			);
			runOnlyForDeploymentPostprocessing = 0;
		};
		571813E52708E4EA00513DA8 /* Resources */ = {
			isa = PBXResourcesBuildPhase;
			buildActionMask = 2147483647;
			files = (
				571814012708E4ED00513DA8 /* Preview Assets.xcassets in Resources */,
				571813FE2708E4ED00513DA8 /* Assets.xcassets in Resources */,
				571813ED2708E4EB00513DA8 /* Assets.xcassets in Resources */,
			);
			runOnlyForDeploymentPostprocessing = 0;
		};
		571814132708E58D00513DA8 /* Resources */ = {
			isa = PBXResourcesBuildPhase;
			buildActionMask = 2147483647;
			files = (
			);
			runOnlyForDeploymentPostprocessing = 0;
		};
		5718141C2708E58E00513DA8 /* Resources */ = {
			isa = PBXResourcesBuildPhase;
			buildActionMask = 2147483647;
			files = (
			);
			runOnlyForDeploymentPostprocessing = 0;
		};
		5726F9312C55757300714AB5 /* Resources */ = {
			isa = PBXResourcesBuildPhase;
			buildActionMask = 2147483647;
			files = (
			);
			runOnlyForDeploymentPostprocessing = 0;
		};
/* End PBXResourcesBuildPhase section */

/* Begin PBXSourcesBuildPhase section */
		571813EE2708E4EC00513DA8 /* Sources */ = {
			isa = PBXSourcesBuildPhase;
			buildActionMask = 2147483647;
			files = (
				571813F82708E4EC00513DA8 /* BoroView.swift in Sources */,
				571813FA2708E4EC00513DA8 /* BoroApp.swift in Sources */,
				5741DC6E2710DABB006BCF3F /* BoroIcon.swift in Sources */,
				57CE009C270B335D00D496F3 /* ExtensionDelegate.swift in Sources */,
				571813FC2708E4EC00513DA8 /* ComplicationController.swift in Sources */,
			);
			runOnlyForDeploymentPostprocessing = 0;
		};
		571814112708E58D00513DA8 /* Sources */ = {
			isa = PBXSourcesBuildPhase;
			buildActionMask = 2147483647;
			files = (
				571814342708E5C500513DA8 /* BoroKit.swift in Sources */,
				57CE00A2270B510D00D496F3 /* BoroModels.swift in Sources */,
				57CE00A0270B50E000D496F3 /* Helpers.swift in Sources */,
				571814192708E58D00513DA8 /* BoroKit.docc in Sources */,
			);
			runOnlyForDeploymentPostprocessing = 0;
		};
		5718141A2708E58E00513DA8 /* Sources */ = {
			isa = PBXSourcesBuildPhase;
			buildActionMask = 2147483647;
			files = (
				57CE009E270B4A3600D496F3 /* BoroKitTests.swift in Sources */,
				571814262708E58E00513DA8 /* BoroTests.swift in Sources */,
			);
			runOnlyForDeploymentPostprocessing = 0;
		};
		5726F92F2C55757300714AB5 /* Sources */ = {
			isa = PBXSourcesBuildPhase;
			buildActionMask = 2147483647;
			files = (
				5726F9472C55764B00714AB5 /* BoroKit-Styles.swift in Sources */,
				5726F93B2C5575BD00714AB5 /* BoroKitViews.swift in Sources */,
			);
			runOnlyForDeploymentPostprocessing = 0;
		};
/* End PBXSourcesBuildPhase section */

/* Begin PBXTargetDependency section */
		571547BE2711EB9400EF0BDF /* PBXTargetDependency */ = {
			isa = PBXTargetDependency;
			target = 571813E62708E4EA00513DA8 /* Boro WatchKit App */;
			targetProxy = 571547BD2711EB9400EF0BDF /* PBXContainerItemProxy */;
		};
		571814212708E58E00513DA8 /* PBXTargetDependency */ = {
			isa = PBXTargetDependency;
			target = 571814142708E58D00513DA8 /* BoroKit */;
			targetProxy = 571814202708E58E00513DA8 /* PBXContainerItemProxy */;
		};
		5726F9402C55761100714AB5 /* PBXTargetDependency */ = {
			isa = PBXTargetDependency;
			target = 5726F9322C55757300714AB5 /* BoroKitUI */;
			targetProxy = 5726F93F2C55761100714AB5 /* PBXContainerItemProxy */;
		};
		5726F9442C55761C00714AB5 /* PBXTargetDependency */ = {
			isa = PBXTargetDependency;
			target = 571814142708E58D00513DA8 /* BoroKit */;
			targetProxy = 5726F9432C55761C00714AB5 /* PBXContainerItemProxy */;
		};
		5770EB6029D0EBD9003C2A3D /* PBXTargetDependency */ = {
			isa = PBXTargetDependency;
			target = 571814142708E58D00513DA8 /* BoroKit */;
			targetProxy = 5770EB5F29D0EBD9003C2A3D /* PBXContainerItemProxy */;
		};
		5770EB6229D0EBDA003C2A3D /* PBXTargetDependency */ = {
			isa = PBXTargetDependency;
			target = 571813E62708E4EA00513DA8 /* Boro WatchKit App */;
			targetProxy = 5770EB6129D0EBDA003C2A3D /* PBXContainerItemProxy */;
		};
/* End PBXTargetDependency section */

/* Begin XCBuildConfiguration section */
		571547872711E63400EF0BDF /* Debug */ = {
			isa = XCBuildConfiguration;
			buildSettings = {
				"CODE_SIGN_IDENTITY[sdk=iphoneos*]" = "iPhone Distribution";
				CODE_SIGN_STYLE = Manual;
				CURRENT_PROJECT_VERSION = 8;
				DEVELOPMENT_TEAM = "";
				"DEVELOPMENT_TEAM[sdk=iphoneos*]" = 3C42F7N9CQ;
				INFOPLIST_FILE = Info.plist;
				INFOPLIST_KEY_CFBundleDisplayName = NYCBoro;
				INFOPLIST_KEY_NSLocationWhenInUseUsageDescription = "This is a location aware app, for the best experience, we need access to accurate device location to proceed. Your location is never shared.";
				MARKETING_VERSION = 1.0;
				PRODUCT_BUNDLE_IDENTIFIER = co.jossy.Boro;
				PRODUCT_NAME = "$(TARGET_NAME)";
				PROVISIONING_PROFILE_SPECIFIER = "";
				"PROVISIONING_PROFILE_SPECIFIER[sdk=iphoneos*]" = "match AppStore co.jossy.Boro";
				SDKROOT = iphoneos;
				SWIFT_VERSION = 5.0;
			};
			name = Debug;
		};
		571547882711E63400EF0BDF /* Release */ = {
			isa = XCBuildConfiguration;
			buildSettings = {
				CODE_SIGN_IDENTITY = "Apple Development";
				"CODE_SIGN_IDENTITY[sdk=iphoneos*]" = "iPhone Distribution";
				CODE_SIGN_STYLE = Manual;
				CURRENT_PROJECT_VERSION = 8;
				DEVELOPMENT_TEAM = "";
				"DEVELOPMENT_TEAM[sdk=iphoneos*]" = 3C42F7N9CQ;
				INFOPLIST_FILE = Info.plist;
				INFOPLIST_KEY_CFBundleDisplayName = NYCBoro;
				INFOPLIST_KEY_NSLocationWhenInUseUsageDescription = "This is a location aware app, for the best experience, we need access to accurate device location to proceed. Your location is never shared.";
				MARKETING_VERSION = 1.0;
				PRODUCT_BUNDLE_IDENTIFIER = co.jossy.Boro;
				PRODUCT_NAME = "$(TARGET_NAME)";
				PROVISIONING_PROFILE_SPECIFIER = "";
				"PROVISIONING_PROFILE_SPECIFIER[sdk=iphoneos*]" = "match AppStore co.jossy.Boro";
				SDKROOT = iphoneos;
				SWIFT_VERSION = 5.0;
			};
			name = Release;
		};
		571814032708E4ED00513DA8 /* Debug */ = {
			isa = XCBuildConfiguration;
			buildSettings = {
				ALWAYS_SEARCH_USER_PATHS = NO;
				CLANG_ANALYZER_NONNULL = YES;
				CLANG_ANALYZER_NUMBER_OBJECT_CONVERSION = YES_AGGRESSIVE;
				CLANG_CXX_LANGUAGE_STANDARD = "gnu++17";
				CLANG_CXX_LIBRARY = "libc++";
				CLANG_ENABLE_MODULES = YES;
				CLANG_ENABLE_OBJC_ARC = YES;
				CLANG_ENABLE_OBJC_WEAK = YES;
				CLANG_WARN_BLOCK_CAPTURE_AUTORELEASING = YES;
				CLANG_WARN_BOOL_CONVERSION = YES;
				CLANG_WARN_COMMA = YES;
				CLANG_WARN_CONSTANT_CONVERSION = YES;
				CLANG_WARN_DEPRECATED_OBJC_IMPLEMENTATIONS = YES;
				CLANG_WARN_DIRECT_OBJC_ISA_USAGE = YES_ERROR;
				CLANG_WARN_DOCUMENTATION_COMMENTS = YES;
				CLANG_WARN_EMPTY_BODY = YES;
				CLANG_WARN_ENUM_CONVERSION = YES;
				CLANG_WARN_INFINITE_RECURSION = YES;
				CLANG_WARN_INT_CONVERSION = YES;
				CLANG_WARN_NON_LITERAL_NULL_CONVERSION = YES;
				CLANG_WARN_OBJC_IMPLICIT_RETAIN_SELF = YES;
				CLANG_WARN_OBJC_LITERAL_CONVERSION = YES;
				CLANG_WARN_OBJC_ROOT_CLASS = YES_ERROR;
				CLANG_WARN_QUOTED_INCLUDE_IN_FRAMEWORK_HEADER = YES;
				CLANG_WARN_RANGE_LOOP_ANALYSIS = YES;
				CLANG_WARN_STRICT_PROTOTYPES = YES;
				CLANG_WARN_SUSPICIOUS_MOVE = YES;
				CLANG_WARN_UNGUARDED_AVAILABILITY = YES_AGGRESSIVE;
				CLANG_WARN_UNREACHABLE_CODE = YES;
				CLANG_WARN__DUPLICATE_METHOD_MATCH = YES;
				COPY_PHASE_STRIP = NO;
				DEBUG_INFORMATION_FORMAT = dwarf;
				ENABLE_STRICT_OBJC_MSGSEND = YES;
				ENABLE_TESTABILITY = YES;
				GCC_C_LANGUAGE_STANDARD = gnu11;
				GCC_DYNAMIC_NO_PIC = NO;
				GCC_NO_COMMON_BLOCKS = YES;
				GCC_OPTIMIZATION_LEVEL = 0;
				GCC_PREPROCESSOR_DEFINITIONS = (
					"DEBUG=1",
					"$(inherited)",
				);
				GCC_WARN_64_TO_32_BIT_CONVERSION = YES;
				GCC_WARN_ABOUT_RETURN_TYPE = YES_ERROR;
				GCC_WARN_UNDECLARED_SELECTOR = YES;
				GCC_WARN_UNINITIALIZED_AUTOS = YES_AGGRESSIVE;
				GCC_WARN_UNUSED_FUNCTION = YES;
				GCC_WARN_UNUSED_VARIABLE = YES;
				MTL_ENABLE_DEBUG_INFO = INCLUDE_SOURCE;
				MTL_FAST_MATH = YES;
				ONLY_ACTIVE_ARCH = YES;
				SDKROOT = iphoneos;
				SWIFT_ACTIVE_COMPILATION_CONDITIONS = DEBUG;
				SWIFT_OPTIMIZATION_LEVEL = "-Onone";
			};
			name = Debug;
		};
		571814042708E4ED00513DA8 /* Release */ = {
			isa = XCBuildConfiguration;
			buildSettings = {
				ALWAYS_SEARCH_USER_PATHS = NO;
				CLANG_ANALYZER_NONNULL = YES;
				CLANG_ANALYZER_NUMBER_OBJECT_CONVERSION = YES_AGGRESSIVE;
				CLANG_CXX_LANGUAGE_STANDARD = "gnu++17";
				CLANG_CXX_LIBRARY = "libc++";
				CLANG_ENABLE_MODULES = YES;
				CLANG_ENABLE_OBJC_ARC = YES;
				CLANG_ENABLE_OBJC_WEAK = YES;
				CLANG_WARN_BLOCK_CAPTURE_AUTORELEASING = YES;
				CLANG_WARN_BOOL_CONVERSION = YES;
				CLANG_WARN_COMMA = YES;
				CLANG_WARN_CONSTANT_CONVERSION = YES;
				CLANG_WARN_DEPRECATED_OBJC_IMPLEMENTATIONS = YES;
				CLANG_WARN_DIRECT_OBJC_ISA_USAGE = YES_ERROR;
				CLANG_WARN_DOCUMENTATION_COMMENTS = YES;
				CLANG_WARN_EMPTY_BODY = YES;
				CLANG_WARN_ENUM_CONVERSION = YES;
				CLANG_WARN_INFINITE_RECURSION = YES;
				CLANG_WARN_INT_CONVERSION = YES;
				CLANG_WARN_NON_LITERAL_NULL_CONVERSION = YES;
				CLANG_WARN_OBJC_IMPLICIT_RETAIN_SELF = YES;
				CLANG_WARN_OBJC_LITERAL_CONVERSION = YES;
				CLANG_WARN_OBJC_ROOT_CLASS = YES_ERROR;
				CLANG_WARN_QUOTED_INCLUDE_IN_FRAMEWORK_HEADER = YES;
				CLANG_WARN_RANGE_LOOP_ANALYSIS = YES;
				CLANG_WARN_STRICT_PROTOTYPES = YES;
				CLANG_WARN_SUSPICIOUS_MOVE = YES;
				CLANG_WARN_UNGUARDED_AVAILABILITY = YES_AGGRESSIVE;
				CLANG_WARN_UNREACHABLE_CODE = YES;
				CLANG_WARN__DUPLICATE_METHOD_MATCH = YES;
				COPY_PHASE_STRIP = NO;
				DEBUG_INFORMATION_FORMAT = "dwarf-with-dsym";
				ENABLE_NS_ASSERTIONS = NO;
				ENABLE_STRICT_OBJC_MSGSEND = YES;
				GCC_C_LANGUAGE_STANDARD = gnu11;
				GCC_NO_COMMON_BLOCKS = YES;
				GCC_WARN_64_TO_32_BIT_CONVERSION = YES;
				GCC_WARN_ABOUT_RETURN_TYPE = YES_ERROR;
				GCC_WARN_UNDECLARED_SELECTOR = YES;
				GCC_WARN_UNINITIALIZED_AUTOS = YES_AGGRESSIVE;
				GCC_WARN_UNUSED_FUNCTION = YES;
				GCC_WARN_UNUSED_VARIABLE = YES;
				MTL_ENABLE_DEBUG_INFO = NO;
				MTL_FAST_MATH = YES;
				SDKROOT = iphoneos;
				SWIFT_COMPILATION_MODE = wholemodule;
				SWIFT_OPTIMIZATION_LEVEL = "-O";
				VALIDATE_PRODUCT = YES;
			};
			name = Release;
		};
		5718140A2708E4ED00513DA8 /* Debug */ = {
			isa = XCBuildConfiguration;
			buildSettings = {
				ALWAYS_EMBED_SWIFT_STANDARD_LIBRARIES = YES;
				ASSETCATALOG_COMPILER_APPICON_NAME = AppIcon;
				ASSETCATALOG_COMPILER_COMPLICATION_NAME = Complication;
				ASSETCATALOG_COMPILER_GLOBAL_ACCENT_COLOR_NAME = AccentColor;
				ASSETCATALOG_COMPILER_INCLUDE_ALL_APPICON_ASSETS = YES;
				"CODE_SIGN_IDENTITY[sdk=watchos*]" = "iPhone Distribution";
				CODE_SIGN_STYLE = Manual;
				CURRENT_PROJECT_VERSION = 8;
				DEVELOPMENT_TEAM = "";
				"DEVELOPMENT_TEAM[sdk=watchos*]" = 3C42F7N9CQ;
				GENERATE_INFOPLIST_FILE = YES;
				INFOPLIST_FILE = "Boro WatchKit App/Boro-WatchKit-App-Info.plist";
				INFOPLIST_KEY_CFBundleDisplayName = NYCBoro;
				INFOPLIST_KEY_CLKComplicationPrincipalClass = Boro_WatchKit_App.ComplicationController;
				INFOPLIST_KEY_LSApplicationCategoryType = "public.app-category.utilities";
				INFOPLIST_KEY_NSHumanReadableCopyright = "&copy; Jossy";
				INFOPLIST_KEY_NSLocationWhenInUseUsageDescription = "This is a location aware app, for the best experience, we need access to device location within 100m. Your location is never shared.";
				INFOPLIST_KEY_UISupportedInterfaceOrientations = "UIInterfaceOrientationPortrait UIInterfaceOrientationPortraitUpsideDown";
				INFOPLIST_KEY_WKWatchOnly = YES;
				LD_RUNPATH_SEARCH_PATHS = (
					"@executable_path/Frameworks",
					"@executable_path/../../Frameworks",
				);
				MARKETING_VERSION = 1.0;
				PRODUCT_BUNDLE_IDENTIFIER = co.jossy.Boro.watchkitapp;
				PRODUCT_NAME = "$(TARGET_NAME)";
				PROVISIONING_PROFILE_SPECIFIER = "";
				"PROVISIONING_PROFILE_SPECIFIER[sdk=watchos*]" = "match AppStore co.jossy.Boro.watchkitapp";
				SDKROOT = watchos;
				SKIP_INSTALL = YES;
				SWIFT_EMIT_LOC_STRINGS = YES;
				SWIFT_VERSION = 5.0;
				TARGETED_DEVICE_FAMILY = 4;
				WATCHOS_DEPLOYMENT_TARGET = 8.0;
			};
			name = Debug;
		};
		5718140B2708E4ED00513DA8 /* Release */ = {
			isa = XCBuildConfiguration;
			buildSettings = {
				ALWAYS_EMBED_SWIFT_STANDARD_LIBRARIES = YES;
				ASSETCATALOG_COMPILER_APPICON_NAME = AppIcon;
				ASSETCATALOG_COMPILER_COMPLICATION_NAME = Complication;
				ASSETCATALOG_COMPILER_GLOBAL_ACCENT_COLOR_NAME = AccentColor;
				ASSETCATALOG_COMPILER_INCLUDE_ALL_APPICON_ASSETS = YES;
				CODE_SIGN_IDENTITY = "Apple Development";
				"CODE_SIGN_IDENTITY[sdk=watchos*]" = "iPhone Distribution";
				CODE_SIGN_STYLE = Manual;
				CURRENT_PROJECT_VERSION = 8;
				DEVELOPMENT_TEAM = "";
				"DEVELOPMENT_TEAM[sdk=watchos*]" = 3C42F7N9CQ;
				GENERATE_INFOPLIST_FILE = YES;
				INFOPLIST_FILE = "Boro WatchKit App/Boro-WatchKit-App-Info.plist";
				INFOPLIST_KEY_CFBundleDisplayName = NYCBoro;
				INFOPLIST_KEY_CLKComplicationPrincipalClass = Boro_WatchKit_App.ComplicationController;
				INFOPLIST_KEY_LSApplicationCategoryType = "public.app-category.utilities";
				INFOPLIST_KEY_NSHumanReadableCopyright = "&copy; Jossy";
				INFOPLIST_KEY_NSLocationWhenInUseUsageDescription = "This is a location aware app, for the best experience, we need access to device location within 100m. Your location is never shared.";
				INFOPLIST_KEY_UISupportedInterfaceOrientations = "UIInterfaceOrientationPortrait UIInterfaceOrientationPortraitUpsideDown";
				INFOPLIST_KEY_WKWatchOnly = YES;
				LD_RUNPATH_SEARCH_PATHS = (
					"@executable_path/Frameworks",
					"@executable_path/../../Frameworks",
				);
				MARKETING_VERSION = 1.0;
				PRODUCT_BUNDLE_IDENTIFIER = co.jossy.Boro.watchkitapp;
				PRODUCT_NAME = "$(TARGET_NAME)";
				PROVISIONING_PROFILE_SPECIFIER = "";
				"PROVISIONING_PROFILE_SPECIFIER[sdk=watchos*]" = "match AppStore co.jossy.Boro.watchkitapp";
				SDKROOT = watchos;
				SKIP_INSTALL = YES;
				SWIFT_EMIT_LOC_STRINGS = YES;
				SWIFT_VERSION = 5.0;
				TARGETED_DEVICE_FAMILY = 4;
				WATCHOS_DEPLOYMENT_TARGET = 8.0;
			};
			name = Release;
		};
		5718142D2708E58E00513DA8 /* Debug */ = {
			isa = XCBuildConfiguration;
			buildSettings = {
				APPLICATION_EXTENSION_API_ONLY = YES;
				CODE_SIGN_STYLE = Automatic;
				CURRENT_PROJECT_VERSION = 8;
				DEFINES_MODULE = YES;
				DEVELOPMENT_TEAM = 3C42F7N9CQ;
				DYLIB_COMPATIBILITY_VERSION = 1;
				DYLIB_CURRENT_VERSION = 8;
				DYLIB_INSTALL_NAME_BASE = "@rpath";
				GENERATE_INFOPLIST_FILE = YES;
				INFOPLIST_KEY_NSHumanReadableCopyright = "";
				INSTALL_PATH = "$(LOCAL_LIBRARY_DIR)/Frameworks";
				LD_RUNPATH_SEARCH_PATHS = (
					"$(inherited)",
					"@executable_path/Frameworks",
					"@loader_path/Frameworks",
				);
				MARKETING_VERSION = 1.0;
				PRODUCT_BUNDLE_IDENTIFIER = co.jossy.BoroKit;
				PRODUCT_NAME = "$(TARGET_NAME:c99extidentifier)";
				SDKROOT = watchos;
				SKIP_INSTALL = YES;
				SWIFT_EMIT_LOC_STRINGS = YES;
				SWIFT_VERSION = 5.0;
				TARGETED_DEVICE_FAMILY = 4;
				VERSIONING_SYSTEM = "apple-generic";
				VERSION_INFO_PREFIX = "";
				WATCHOS_DEPLOYMENT_TARGET = 8.0;
			};
			name = Debug;
		};
		5718142E2708E58E00513DA8 /* Release */ = {
			isa = XCBuildConfiguration;
			buildSettings = {
				APPLICATION_EXTENSION_API_ONLY = YES;
				CODE_SIGN_IDENTITY = "";
				CODE_SIGN_STYLE = Manual;
				CURRENT_PROJECT_VERSION = 8;
				DEFINES_MODULE = YES;
				DEVELOPMENT_TEAM = "";
				"DEVELOPMENT_TEAM[sdk=watchos*]" = 3C42F7N9CQ;
				DYLIB_COMPATIBILITY_VERSION = 1;
				DYLIB_CURRENT_VERSION = 8;
				DYLIB_INSTALL_NAME_BASE = "@rpath";
				GENERATE_INFOPLIST_FILE = YES;
				INFOPLIST_KEY_NSHumanReadableCopyright = "";
				INSTALL_PATH = "$(LOCAL_LIBRARY_DIR)/Frameworks";
				LD_RUNPATH_SEARCH_PATHS = (
					"$(inherited)",
					"@executable_path/Frameworks",
					"@loader_path/Frameworks",
				);
				MARKETING_VERSION = 1.0;
				PRODUCT_BUNDLE_IDENTIFIER = co.jossy.BoroKit;
				PRODUCT_NAME = "$(TARGET_NAME:c99extidentifier)";
				PROVISIONING_PROFILE_SPECIFIER = "";
				SDKROOT = watchos;
				SKIP_INSTALL = YES;
				SWIFT_EMIT_LOC_STRINGS = YES;
				SWIFT_VERSION = 5.0;
				TARGETED_DEVICE_FAMILY = 4;
				VERSIONING_SYSTEM = "apple-generic";
				VERSION_INFO_PREFIX = "";
				WATCHOS_DEPLOYMENT_TARGET = 8.0;
			};
			name = Release;
		};
		571814312708E58E00513DA8 /* Debug */ = {
			isa = XCBuildConfiguration;
			buildSettings = {
				ALWAYS_EMBED_SWIFT_STANDARD_LIBRARIES = YES;
				CODE_SIGN_STYLE = Automatic;
				CURRENT_PROJECT_VERSION = 8;
				DEVELOPMENT_TEAM = 3C42F7N9CQ;
				GENERATE_INFOPLIST_FILE = YES;
				LD_RUNPATH_SEARCH_PATHS = (
					"$(inherited)",
					"@executable_path/Frameworks",
					"@loader_path/Frameworks",
				);
				MARKETING_VERSION = 1.0;
				PRODUCT_BUNDLE_IDENTIFIER = co.jossy.BoroKitTests;
				PRODUCT_NAME = "$(TARGET_NAME)";
				SDKROOT = watchos;
				SWIFT_EMIT_LOC_STRINGS = NO;
				SWIFT_VERSION = 5.0;
				TARGETED_DEVICE_FAMILY = 4;
				TEST_HOST = "$(BUILT_PRODUCTS_DIR)/Boro WatchKit App.app/$(BUNDLE_EXECUTABLE_FOLDER_PATH)/Boro WatchKit App";
				WATCHOS_DEPLOYMENT_TARGET = 8.0;
			};
			name = Debug;
		};
		571814322708E58E00513DA8 /* Release */ = {
			isa = XCBuildConfiguration;
			buildSettings = {
				ALWAYS_EMBED_SWIFT_STANDARD_LIBRARIES = YES;
				CODE_SIGN_STYLE = Automatic;
				CURRENT_PROJECT_VERSION = 8;
				DEVELOPMENT_TEAM = 3C42F7N9CQ;
				GENERATE_INFOPLIST_FILE = YES;
				LD_RUNPATH_SEARCH_PATHS = (
					"$(inherited)",
					"@executable_path/Frameworks",
					"@loader_path/Frameworks",
				);
				MARKETING_VERSION = 1.0;
				PRODUCT_BUNDLE_IDENTIFIER = co.jossy.BoroKitTests;
				PRODUCT_NAME = "$(TARGET_NAME)";
				SDKROOT = watchos;
				SWIFT_EMIT_LOC_STRINGS = NO;
				SWIFT_VERSION = 5.0;
				TARGETED_DEVICE_FAMILY = 4;
				TEST_HOST = "$(BUILT_PRODUCTS_DIR)/Boro WatchKit App.app/$(BUNDLE_EXECUTABLE_FOLDER_PATH)/Boro WatchKit App";
				WATCHOS_DEPLOYMENT_TARGET = 8.0;
			};
			name = Release;
		};
		5726F9372C55757300714AB5 /* Debug */ = {
			isa = XCBuildConfiguration;
			buildSettings = {
				ASSETCATALOG_COMPILER_GENERATE_SWIFT_ASSET_SYMBOL_EXTENSIONS = YES;
				CLANG_CXX_LANGUAGE_STANDARD = "gnu++20";
				CLANG_ENABLE_MODULES = YES;
				CODE_SIGN_STYLE = Automatic;
				CURRENT_PROJECT_VERSION = 1;
				DEFINES_MODULE = YES;
				DEVELOPMENT_TEAM = 3C42F7N9CQ;
				DYLIB_COMPATIBILITY_VERSION = 1;
				DYLIB_CURRENT_VERSION = 1;
				DYLIB_INSTALL_NAME_BASE = "@rpath";
				ENABLE_MODULE_VERIFIER = YES;
				ENABLE_USER_SCRIPT_SANDBOXING = YES;
				GCC_C_LANGUAGE_STANDARD = gnu17;
				GENERATE_INFOPLIST_FILE = YES;
				INFOPLIST_KEY_NSHumanReadableCopyright = "";
				INSTALL_PATH = "$(LOCAL_LIBRARY_DIR)/Frameworks";
				LD_RUNPATH_SEARCH_PATHS = (
					"$(inherited)",
					"@executable_path/Frameworks",
					"@loader_path/Frameworks",
				);
				LOCALIZATION_PREFERS_STRING_CATALOGS = YES;
				MARKETING_VERSION = 1.0;
				MODULE_VERIFIER_SUPPORTED_LANGUAGES = "objective-c objective-c++";
				MODULE_VERIFIER_SUPPORTED_LANGUAGE_STANDARDS = "gnu17 gnu++20";
				PRODUCT_BUNDLE_IDENTIFIER = com.jossy.BoroKitUI;
				PRODUCT_NAME = "$(TARGET_NAME:c99extidentifier)";
				SDKROOT = watchos;
				SKIP_INSTALL = YES;
				SWIFT_ACTIVE_COMPILATION_CONDITIONS = "DEBUG $(inherited)";
				SWIFT_EMIT_LOC_STRINGS = YES;
				SWIFT_OPTIMIZATION_LEVEL = "-Onone";
				SWIFT_VERSION = 5.0;
				TARGETED_DEVICE_FAMILY = 4;
				VERSIONING_SYSTEM = "apple-generic";
				VERSION_INFO_PREFIX = "";
				WATCHOS_DEPLOYMENT_TARGET = 8.0;
			};
			name = Debug;
		};
		5726F9382C55757300714AB5 /* Release */ = {
			isa = XCBuildConfiguration;
			buildSettings = {
				ASSETCATALOG_COMPILER_GENERATE_SWIFT_ASSET_SYMBOL_EXTENSIONS = YES;
				CLANG_CXX_LANGUAGE_STANDARD = "gnu++20";
				CLANG_ENABLE_MODULES = YES;
				CODE_SIGN_STYLE = Automatic;
				CURRENT_PROJECT_VERSION = 1;
				DEFINES_MODULE = YES;
				DEVELOPMENT_TEAM = 3C42F7N9CQ;
				DYLIB_COMPATIBILITY_VERSION = 1;
				DYLIB_CURRENT_VERSION = 1;
				DYLIB_INSTALL_NAME_BASE = "@rpath";
				ENABLE_MODULE_VERIFIER = YES;
				ENABLE_USER_SCRIPT_SANDBOXING = YES;
				GCC_C_LANGUAGE_STANDARD = gnu17;
				GENERATE_INFOPLIST_FILE = YES;
				INFOPLIST_KEY_NSHumanReadableCopyright = "";
				INSTALL_PATH = "$(LOCAL_LIBRARY_DIR)/Frameworks";
				LD_RUNPATH_SEARCH_PATHS = (
					"$(inherited)",
					"@executable_path/Frameworks",
					"@loader_path/Frameworks",
				);
				LOCALIZATION_PREFERS_STRING_CATALOGS = YES;
				MARKETING_VERSION = 1.0;
				MODULE_VERIFIER_SUPPORTED_LANGUAGES = "objective-c objective-c++";
				MODULE_VERIFIER_SUPPORTED_LANGUAGE_STANDARDS = "gnu17 gnu++20";
				PRODUCT_BUNDLE_IDENTIFIER = com.jossy.BoroKitUI;
				PRODUCT_NAME = "$(TARGET_NAME:c99extidentifier)";
				SDKROOT = watchos;
				SKIP_INSTALL = YES;
				SWIFT_EMIT_LOC_STRINGS = YES;
				SWIFT_VERSION = 5.0;
				TARGETED_DEVICE_FAMILY = 4;
				VERSIONING_SYSTEM = "apple-generic";
				VERSION_INFO_PREFIX = "";
				WATCHOS_DEPLOYMENT_TARGET = 8.0;
			};
			name = Release;
		};
/* End XCBuildConfiguration section */

/* Begin XCConfigurationList section */
		571547862711E63400EF0BDF /* Build configuration list for PBXNativeTarget "Boro" */ = {
			isa = XCConfigurationList;
			buildConfigurations = (
				571547872711E63400EF0BDF /* Debug */,
				571547882711E63400EF0BDF /* Release */,
			);
			defaultConfigurationIsVisible = 0;
			defaultConfigurationName = Release;
		};
		571813E02708E4E900513DA8 /* Build configuration list for PBXProject "Boro" */ = {
			isa = XCConfigurationList;
			buildConfigurations = (
				571814032708E4ED00513DA8 /* Debug */,
				571814042708E4ED00513DA8 /* Release */,
			);
			defaultConfigurationIsVisible = 0;
			defaultConfigurationName = Release;
		};
		571814092708E4ED00513DA8 /* Build configuration list for PBXNativeTarget "Boro WatchKit App" */ = {
			isa = XCConfigurationList;
			buildConfigurations = (
				5718140A2708E4ED00513DA8 /* Debug */,
				5718140B2708E4ED00513DA8 /* Release */,
			);
			defaultConfigurationIsVisible = 0;
			defaultConfigurationName = Release;
		};
		5718142C2708E58E00513DA8 /* Build configuration list for PBXNativeTarget "BoroKit" */ = {
			isa = XCConfigurationList;
			buildConfigurations = (
				5718142D2708E58E00513DA8 /* Debug */,
				5718142E2708E58E00513DA8 /* Release */,
			);
			defaultConfigurationIsVisible = 0;
			defaultConfigurationName = Release;
		};
		571814302708E58E00513DA8 /* Build configuration list for PBXNativeTarget "BoroKitTests" */ = {
			isa = XCConfigurationList;
			buildConfigurations = (
				571814312708E58E00513DA8 /* Debug */,
				571814322708E58E00513DA8 /* Release */,
			);
			defaultConfigurationIsVisible = 0;
			defaultConfigurationName = Release;
		};
		5726F9392C55757300714AB5 /* Build configuration list for PBXNativeTarget "BoroKitUI" */ = {
			isa = XCConfigurationList;
			buildConfigurations = (
				5726F9372C55757300714AB5 /* Debug */,
				5726F9382C55757300714AB5 /* Release */,
			);
			defaultConfigurationIsVisible = 0;
			defaultConfigurationName = Release;
		};
/* End XCConfigurationList section */
	};
	rootObject = 571813DD2708E4E900513DA8 /* Project object */;
}
