// !$*UTF8*$!
{
	archiveVersion = 1;
	classes = {
	};
	objectVersion = 50;
	objects = {

/* Begin PBXBuildFile section */
		3D09FB22211E1F6300B3C495 /* AppDelegate.swift in Sources */ = {isa = PBXBuildFile; fileRef = 3D09FB21211E1F6300B3C495 /* AppDelegate.swift */; };
		3D09FB24211E1F6300B3C495 /* ViewController.swift in Sources */ = {isa = PBXBuildFile; fileRef = 3D09FB23211E1F6300B3C495 /* ViewController.swift */; };
		3D09FB29211E1F6500B3C495 /* Assets.xcassets in Resources */ = {isa = PBXBuildFile; fileRef = 3D09FB28211E1F6500B3C495 /* Assets.xcassets */; };
		3D09FB2C211E1F6500B3C495 /* LaunchScreen.storyboard in Resources */ = {isa = PBXBuildFile; fileRef = 3D09FB2A211E1F6500B3C495 /* LaunchScreen.storyboard */; };
		3D09FB34211E1F7A00B3C495 /* Location.swift in Sources */ = {isa = PBXBuildFile; fileRef = 3D09FB33211E1F7A00B3C495 /* Location.swift */; };
		3D09FB3B211E2CC500B3C495 /* Interface.storyboard in Resources */ = {isa = PBXBuildFile; fileRef = 3D09FB39211E2CC500B3C495 /* Interface.storyboard */; };
		3D09FB3D211E2CC600B3C495 /* Assets.xcassets in Resources */ = {isa = PBXBuildFile; fileRef = 3D09FB3C211E2CC600B3C495 /* Assets.xcassets */; };
		3D09FB44211E2CC600B3C495 /* Boro WK Extension.appex in Embed App Extensions */ = {isa = PBXBuildFile; fileRef = 3D09FB43211E2CC600B3C495 /* Boro WK Extension.appex */; settings = {ATTRIBUTES = (RemoveHeadersOnCopy, ); }; };
		3D09FB49211E2CC600B3C495 /* InterfaceController.swift in Sources */ = {isa = PBXBuildFile; fileRef = 3D09FB48211E2CC600B3C495 /* InterfaceController.swift */; };
		3D09FB4B211E2CC600B3C495 /* ExtensionDelegate.swift in Sources */ = {isa = PBXBuildFile; fileRef = 3D09FB4A211E2CC600B3C495 /* ExtensionDelegate.swift */; };
		3D09FB4D211E2CC600B3C495 /* ComplicationController.swift in Sources */ = {isa = PBXBuildFile; fileRef = 3D09FB4C211E2CC600B3C495 /* ComplicationController.swift */; };
		3D09FB4F211E2CC700B3C495 /* Assets.xcassets in Resources */ = {isa = PBXBuildFile; fileRef = 3D09FB4E211E2CC700B3C495 /* Assets.xcassets */; };
		3D09FB53211E2CC700B3C495 /* Boro WK.app in Embed Watch Content */ = {isa = PBXBuildFile; fileRef = 3D09FB37211E2CC500B3C495 /* Boro WK.app */; };
		576D3866211E76330096D4AE /* nyc.swift in Sources */ = {isa = PBXBuildFile; fileRef = 576D3865211E76330096D4AE /* nyc.swift */; };
		576D3867211F14490096D4AE /* Location.swift in Sources */ = {isa = PBXBuildFile; fileRef = 3D09FB33211E1F7A00B3C495 /* Location.swift */; };
		576D3868211F144D0096D4AE /* nyc.swift in Sources */ = {isa = PBXBuildFile; fileRef = 576D3865211E76330096D4AE /* nyc.swift */; };
		577AE385211F1F6F00FB3884 /* text.strings in Resources */ = {isa = PBXBuildFile; fileRef = 577AE384211F1F6F00FB3884 /* text.strings */; };
		577AE386211F204B00FB3884 /* text.strings in Resources */ = {isa = PBXBuildFile; fileRef = 577AE384211F1F6F00FB3884 /* text.strings */; };
		577AE387211F9D7900FB3884 /* Assets.xcassets in Resources */ = {isa = PBXBuildFile; fileRef = 3D09FB4E211E2CC700B3C495 /* Assets.xcassets */; };
/* End PBXBuildFile section */

/* Begin PBXContainerItemProxy section */
		3D09FB45211E2CC600B3C495 /* PBXContainerItemProxy */ = {
			isa = PBXContainerItemProxy;
			containerPortal = 3D09FB16211E1F6300B3C495 /* Project object */;
			proxyType = 1;
			remoteGlobalIDString = 3D09FB42211E2CC600B3C495;
			remoteInfo = "Boro WK Extension";
		};
		3D09FB51211E2CC700B3C495 /* PBXContainerItemProxy */ = {
			isa = PBXContainerItemProxy;
			containerPortal = 3D09FB16211E1F6300B3C495 /* Project object */;
			proxyType = 1;
			remoteGlobalIDString = 3D09FB36211E2CC500B3C495;
			remoteInfo = "Boro WK";
		};
/* End PBXContainerItemProxy section */

/* Begin PBXCopyFilesBuildPhase section */
		3D09FB57211E2CC700B3C495 /* Embed App Extensions */ = {
			isa = PBXCopyFilesBuildPhase;
			buildActionMask = 2147483647;
			dstPath = "";
			dstSubfolderSpec = 13;
			files = (
				3D09FB44211E2CC600B3C495 /* Boro WK Extension.appex in Embed App Extensions */,
			);
			name = "Embed App Extensions";
			runOnlyForDeploymentPostprocessing = 0;
		};
		3D09FB5B211E2CC700B3C495 /* Embed Watch Content */ = {
			isa = PBXCopyFilesBuildPhase;
			buildActionMask = 2147483647;
			dstPath = "$(CONTENTS_FOLDER_PATH)/Watch";
			dstSubfolderSpec = 16;
			files = (
				3D09FB53211E2CC700B3C495 /* Boro WK.app in Embed Watch Content */,
			);
			name = "Embed Watch Content";
			runOnlyForDeploymentPostprocessing = 0;
		};
/* End PBXCopyFilesBuildPhase section */

/* Begin PBXFileReference section */
		3D09FB1E211E1F6300B3C495 /* Boro.app */ = {isa = PBXFileReference; explicitFileType = wrapper.application; includeInIndex = 0; path = Boro.app; sourceTree = BUILT_PRODUCTS_DIR; };
		3D09FB21211E1F6300B3C495 /* AppDelegate.swift */ = {isa = PBXFileReference; lastKnownFileType = sourcecode.swift; path = AppDelegate.swift; sourceTree = "<group>"; };
		3D09FB23211E1F6300B3C495 /* ViewController.swift */ = {isa = PBXFileReference; lastKnownFileType = sourcecode.swift; path = ViewController.swift; sourceTree = "<group>"; };
		3D09FB28211E1F6500B3C495 /* Assets.xcassets */ = {isa = PBXFileReference; lastKnownFileType = folder.assetcatalog; path = Assets.xcassets; sourceTree = "<group>"; };
		3D09FB2B211E1F6500B3C495 /* Base */ = {isa = PBXFileReference; lastKnownFileType = file.storyboard; name = Base; path = Base.lproj/LaunchScreen.storyboard; sourceTree = "<group>"; };
		3D09FB2D211E1F6500B3C495 /* Info.plist */ = {isa = PBXFileReference; lastKnownFileType = text.plist.xml; path = Info.plist; sourceTree = "<group>"; };
		3D09FB33211E1F7A00B3C495 /* Location.swift */ = {isa = PBXFileReference; lastKnownFileType = sourcecode.swift; path = Location.swift; sourceTree = "<group>"; };
		3D09FB37211E2CC500B3C495 /* Boro WK.app */ = {isa = PBXFileReference; explicitFileType = wrapper.application; includeInIndex = 0; path = "Boro WK.app"; sourceTree = BUILT_PRODUCTS_DIR; };
		3D09FB3A211E2CC500B3C495 /* Base */ = {isa = PBXFileReference; lastKnownFileType = file.storyboard; name = Base; path = Base.lproj/Interface.storyboard; sourceTree = "<group>"; };
		3D09FB3C211E2CC600B3C495 /* Assets.xcassets */ = {isa = PBXFileReference; lastKnownFileType = folder.assetcatalog; path = Assets.xcassets; sourceTree = "<group>"; };
		3D09FB3E211E2CC600B3C495 /* Info.plist */ = {isa = PBXFileReference; lastKnownFileType = text.plist.xml; path = Info.plist; sourceTree = "<group>"; };
		3D09FB43211E2CC600B3C495 /* Boro WK Extension.appex */ = {isa = PBXFileReference; explicitFileType = "wrapper.app-extension"; includeInIndex = 0; path = "Boro WK Extension.appex"; sourceTree = BUILT_PRODUCTS_DIR; };
		3D09FB48211E2CC600B3C495 /* InterfaceController.swift */ = {isa = PBXFileReference; lastKnownFileType = sourcecode.swift; path = InterfaceController.swift; sourceTree = "<group>"; };
		3D09FB4A211E2CC600B3C495 /* ExtensionDelegate.swift */ = {isa = PBXFileReference; lastKnownFileType = sourcecode.swift; path = ExtensionDelegate.swift; sourceTree = "<group>"; };
		3D09FB4C211E2CC600B3C495 /* ComplicationController.swift */ = {isa = PBXFileReference; lastKnownFileType = sourcecode.swift; path = ComplicationController.swift; sourceTree = "<group>"; };
		3D09FB4E211E2CC700B3C495 /* Assets.xcassets */ = {isa = PBXFileReference; lastKnownFileType = folder.assetcatalog; path = Assets.xcassets; sourceTree = "<group>"; };
		3D09FB50211E2CC700B3C495 /* Info.plist */ = {isa = PBXFileReference; lastKnownFileType = text.plist.xml; path = Info.plist; sourceTree = "<group>"; };
		3D09FB5C211E2E7D00B3C495 /* README.md */ = {isa = PBXFileReference; lastKnownFileType = net.daringfireball.markdown; path = README.md; sourceTree = SOURCE_ROOT; };
		576743922120F2E800C8C85F /* Boro.playground */ = {isa = PBXFileReference; lastKnownFileType = file.playground; path = Boro.playground; sourceTree = SOURCE_ROOT; xcLanguageSpecificationIdentifier = xcode.lang.swift; };
		576D3865211E76330096D4AE /* nyc.swift */ = {isa = PBXFileReference; lastKnownFileType = sourcecode.swift; path = nyc.swift; sourceTree = "<group>"; };
		577AE384211F1F6F00FB3884 /* text.strings */ = {isa = PBXFileReference; lastKnownFileType = text.plist.strings; path = text.strings; sourceTree = "<group>"; };
/* End PBXFileReference section */

/* Begin PBXFrameworksBuildPhase section */
		3D09FB1B211E1F6300B3C495 /* Frameworks */ = {
			isa = PBXFrameworksBuildPhase;
			buildActionMask = 2147483647;
			files = (
			);
			runOnlyForDeploymentPostprocessing = 0;
		};
		3D09FB40211E2CC600B3C495 /* Frameworks */ = {
			isa = PBXFrameworksBuildPhase;
			buildActionMask = 2147483647;
			files = (
			);
			runOnlyForDeploymentPostprocessing = 0;
		};
/* End PBXFrameworksBuildPhase section */

/* Begin PBXGroup section */
		3D09FB15211E1F6300B3C495 = {
			isa = PBXGroup;
			children = (
				3D09FB5C211E2E7D00B3C495 /* README.md */,
				576743922120F2E800C8C85F /* Boro.playground */,
				3D09FB20211E1F6300B3C495 /* Boro */,
				575AAE07212078F100AF1023 /* Shared */,
				3D09FB38211E2CC500B3C495 /* Boro WK */,
				3D09FB47211E2CC600B3C495 /* Boro WK Extension */,
				3D09FB1F211E1F6300B3C495 /* Products */,
			);
			sourceTree = "<group>";
		};
		3D09FB1F211E1F6300B3C495 /* Products */ = {
			isa = PBXGroup;
			children = (
				3D09FB1E211E1F6300B3C495 /* Boro.app */,
				3D09FB37211E2CC500B3C495 /* Boro WK.app */,
				3D09FB43211E2CC600B3C495 /* Boro WK Extension.appex */,
			);
			name = Products;
			sourceTree = "<group>";
		};
		3D09FB20211E1F6300B3C495 /* Boro */ = {
			isa = PBXGroup;
			children = (
				3D09FB21211E1F6300B3C495 /* AppDelegate.swift */,
				3D09FB23211E1F6300B3C495 /* ViewController.swift */,
				3D09FB28211E1F6500B3C495 /* Assets.xcassets */,
				3D09FB2A211E1F6500B3C495 /* LaunchScreen.storyboard */,
				3D09FB2D211E1F6500B3C495 /* Info.plist */,
			);
			path = Boro;
			sourceTree = "<group>";
		};
		3D09FB38211E2CC500B3C495 /* Boro WK */ = {
			isa = PBXGroup;
			children = (
				3D09FB39211E2CC500B3C495 /* Interface.storyboard */,
				3D09FB3C211E2CC600B3C495 /* Assets.xcassets */,
				3D09FB3E211E2CC600B3C495 /* Info.plist */,
			);
			path = "Boro WK";
			sourceTree = "<group>";
		};
		3D09FB47211E2CC600B3C495 /* Boro WK Extension */ = {
			isa = PBXGroup;
			children = (
				3D09FB48211E2CC600B3C495 /* InterfaceController.swift */,
				3D09FB4A211E2CC600B3C495 /* ExtensionDelegate.swift */,
				3D09FB4C211E2CC600B3C495 /* ComplicationController.swift */,
				577AE384211F1F6F00FB3884 /* text.strings */,
				3D09FB4E211E2CC700B3C495 /* Assets.xcassets */,
				3D09FB50211E2CC700B3C495 /* Info.plist */,
			);
			path = "Boro WK Extension";
			sourceTree = "<group>";
		};
		575AAE07212078F100AF1023 /* Shared */ = {
			isa = PBXGroup;
			children = (
				3D09FB33211E1F7A00B3C495 /* Location.swift */,
				576D3865211E76330096D4AE /* nyc.swift */,
			);
			path = Shared;
			sourceTree = "<group>";
		};
/* End PBXGroup section */

/* Begin PBXNativeTarget section */
		3D09FB1D211E1F6300B3C495 /* Boro */ = {
			isa = PBXNativeTarget;
			buildConfigurationList = 3D09FB30211E1F6500B3C495 /* Build configuration list for PBXNativeTarget "Boro" */;
			buildPhases = (
				3D09FB1A211E1F6300B3C495 /* Sources */,
				3D09FB1B211E1F6300B3C495 /* Frameworks */,
				3D09FB1C211E1F6300B3C495 /* Resources */,
				3D09FB5B211E2CC700B3C495 /* Embed Watch Content */,
			);
			buildRules = (
			);
			dependencies = (
				3D09FB52211E2CC700B3C495 /* PBXTargetDependency */,
			);
			name = Boro;
			productName = Boro;
			productReference = 3D09FB1E211E1F6300B3C495 /* Boro.app */;
			productType = "com.apple.product-type.application";
		};
		3D09FB36211E2CC500B3C495 /* Boro WK */ = {
			isa = PBXNativeTarget;
			buildConfigurationList = 3D09FB58211E2CC700B3C495 /* Build configuration list for PBXNativeTarget "Boro WK" */;
			buildPhases = (
				3D09FB35211E2CC500B3C495 /* Resources */,
				3D09FB57211E2CC700B3C495 /* Embed App Extensions */,
			);
			buildRules = (
			);
			dependencies = (
				3D09FB46211E2CC600B3C495 /* PBXTargetDependency */,
			);
			name = "Boro WK";
			productName = "Boro WK";
			productReference = 3D09FB37211E2CC500B3C495 /* Boro WK.app */;
			productType = "com.apple.product-type.application.watchapp2";
		};
		3D09FB42211E2CC600B3C495 /* Boro WK Extension */ = {
			isa = PBXNativeTarget;
			buildConfigurationList = 3D09FB54211E2CC700B3C495 /* Build configuration list for PBXNativeTarget "Boro WK Extension" */;
			buildPhases = (
				3D09FB3F211E2CC600B3C495 /* Sources */,
				3D09FB40211E2CC600B3C495 /* Frameworks */,
				3D09FB41211E2CC600B3C495 /* Resources */,
			);
			buildRules = (
			);
			dependencies = (
			);
			name = "Boro WK Extension";
			productName = "Boro WK Extension";
			productReference = 3D09FB43211E2CC600B3C495 /* Boro WK Extension.appex */;
			productType = "com.apple.product-type.watchkit2-extension";
		};
/* End PBXNativeTarget section */

/* Begin PBXProject section */
		3D09FB16211E1F6300B3C495 /* Project object */ = {
			isa = PBXProject;
			attributes = {
				LastSwiftUpdateCheck = 0940;
				LastUpgradeCheck = 0940;
				ORGANIZATIONNAME = "Joss Manger";
				TargetAttributes = {
					3D09FB1D211E1F6300B3C495 = {
						CreatedOnToolsVersion = 9.4.1;
						SystemCapabilities = {
							com.apple.BackgroundModes = {
								enabled = 1;
							};
						};
					};
					3D09FB36211E2CC500B3C495 = {
						CreatedOnToolsVersion = 9.4.1;
					};
					3D09FB42211E2CC600B3C495 = {
						CreatedOnToolsVersion = 9.4.1;
						SystemCapabilities = {
							com.apple.BackgroundModes.watchos.extension = {
								enabled = 1;
							};
						};
					};
				};
			};
			buildConfigurationList = 3D09FB19211E1F6300B3C495 /* Build configuration list for PBXProject "Boro" */;
			compatibilityVersion = "Xcode 9.3";
			developmentRegion = en;
			hasScannedForEncodings = 0;
			knownRegions = (
				en,
				Base,
			);
			mainGroup = 3D09FB15211E1F6300B3C495;
			productRefGroup = 3D09FB1F211E1F6300B3C495 /* Products */;
			projectDirPath = "";
			projectRoot = "";
			targets = (
				3D09FB1D211E1F6300B3C495 /* Boro */,
				3D09FB36211E2CC500B3C495 /* Boro WK */,
				3D09FB42211E2CC600B3C495 /* Boro WK Extension */,
			);
		};
/* End PBXProject section */

/* Begin PBXResourcesBuildPhase section */
		3D09FB1C211E1F6300B3C495 /* Resources */ = {
			isa = PBXResourcesBuildPhase;
			buildActionMask = 2147483647;
			files = (
				3D09FB2C211E1F6500B3C495 /* LaunchScreen.storyboard in Resources */,
				3D09FB29211E1F6500B3C495 /* Assets.xcassets in Resources */,
			);
			runOnlyForDeploymentPostprocessing = 0;
		};
		3D09FB35211E2CC500B3C495 /* Resources */ = {
			isa = PBXResourcesBuildPhase;
			buildActionMask = 2147483647;
			files = (
				3D09FB3D211E2CC600B3C495 /* Assets.xcassets in Resources */,
				3D09FB3B211E2CC500B3C495 /* Interface.storyboard in Resources */,
				577AE387211F9D7900FB3884 /* Assets.xcassets in Resources */,
				577AE386211F204B00FB3884 /* text.strings in Resources */,
			);
			runOnlyForDeploymentPostprocessing = 0;
		};
		3D09FB41211E2CC600B3C495 /* Resources */ = {
			isa = PBXResourcesBuildPhase;
			buildActionMask = 2147483647;
			files = (
				3D09FB4F211E2CC700B3C495 /* Assets.xcassets in Resources */,
				577AE385211F1F6F00FB3884 /* text.strings in Resources */,
			);
			runOnlyForDeploymentPostprocessing = 0;
		};
/* End PBXResourcesBuildPhase section */

/* Begin PBXSourcesBuildPhase section */
		3D09FB1A211E1F6300B3C495 /* Sources */ = {
			isa = PBXSourcesBuildPhase;
			buildActionMask = 2147483647;
			files = (
				3D09FB24211E1F6300B3C495 /* ViewController.swift in Sources */,
				3D09FB34211E1F7A00B3C495 /* Location.swift in Sources */,
				576D3866211E76330096D4AE /* nyc.swift in Sources */,
				3D09FB22211E1F6300B3C495 /* AppDelegate.swift in Sources */,
			);
			runOnlyForDeploymentPostprocessing = 0;
		};
		3D09FB3F211E2CC600B3C495 /* Sources */ = {
			isa = PBXSourcesBuildPhase;
			buildActionMask = 2147483647;
			files = (
				3D09FB4B211E2CC600B3C495 /* ExtensionDelegate.swift in Sources */,
				3D09FB49211E2CC600B3C495 /* InterfaceController.swift in Sources */,
				576D3867211F14490096D4AE /* Location.swift in Sources */,
				3D09FB4D211E2CC600B3C495 /* ComplicationController.swift in Sources */,
				576D3868211F144D0096D4AE /* nyc.swift in Sources */,
			);
			runOnlyForDeploymentPostprocessing = 0;
		};
/* End PBXSourcesBuildPhase section */

/* Begin PBXTargetDependency section */
		3D09FB46211E2CC600B3C495 /* PBXTargetDependency */ = {
			isa = PBXTargetDependency;
			target = 3D09FB42211E2CC600B3C495 /* Boro WK Extension */;
			targetProxy = 3D09FB45211E2CC600B3C495 /* PBXContainerItemProxy */;
		};
		3D09FB52211E2CC700B3C495 /* PBXTargetDependency */ = {
			isa = PBXTargetDependency;
			target = 3D09FB36211E2CC500B3C495 /* Boro WK */;
			targetProxy = 3D09FB51211E2CC700B3C495 /* PBXContainerItemProxy */;
		};
/* End PBXTargetDependency section */

/* Begin PBXVariantGroup section */
		3D09FB2A211E1F6500B3C495 /* LaunchScreen.storyboard */ = {
			isa = PBXVariantGroup;
			children = (
				3D09FB2B211E1F6500B3C495 /* Base */,
			);
			name = LaunchScreen.storyboard;
			sourceTree = "<group>";
		};
		3D09FB39211E2CC500B3C495 /* Interface.storyboard */ = {
			isa = PBXVariantGroup;
			children = (
				3D09FB3A211E2CC500B3C495 /* Base */,
			);
			name = Interface.storyboard;
			sourceTree = "<group>";
		};
/* End PBXVariantGroup section */

/* Begin XCBuildConfiguration section */
		3D09FB2E211E1F6500B3C495 /* Debug */ = {
			isa = XCBuildConfiguration;
			buildSettings = {
				ALWAYS_SEARCH_USER_PATHS = NO;
				CLANG_ANALYZER_NONNULL = YES;
				CLANG_ANALYZER_NUMBER_OBJECT_CONVERSION = YES_AGGRESSIVE;
				CLANG_CXX_LANGUAGE_STANDARD = "gnu++14";
				CLANG_CXX_LIBRARY = "libc++";
				CLANG_ENABLE_MODULES = YES;
				CLANG_ENABLE_OBJC_ARC = YES;
				CLANG_ENABLE_OBJC_WEAK = YES;
				CLANG_WARN_BLOCK_CAPTURE_AUTORELEASING = YES;
				CLANG_WARN_BOOL_CONVERSION = YES;
				CLANG_WARN_COMMA = YES;
				CLANG_WARN_CONSTANT_CONVERSION = YES;
				CLANG_WARN_DEPRECATED_OBJC_IMPLEMENTATIONS = YES;
				CLANG_WARN_DIRECT_OBJC_ISA_USAGE = YES_ERROR;
				CLANG_WARN_DOCUMENTATION_COMMENTS = YES;
				CLANG_WARN_EMPTY_BODY = YES;
				CLANG_WARN_ENUM_CONVERSION = YES;
				CLANG_WARN_INFINITE_RECURSION = YES;
				CLANG_WARN_INT_CONVERSION = YES;
				CLANG_WARN_NON_LITERAL_NULL_CONVERSION = YES;
				CLANG_WARN_OBJC_IMPLICIT_RETAIN_SELF = YES;
				CLANG_WARN_OBJC_LITERAL_CONVERSION = YES;
				CLANG_WARN_OBJC_ROOT_CLASS = YES_ERROR;
				CLANG_WARN_RANGE_LOOP_ANALYSIS = YES;
				CLANG_WARN_STRICT_PROTOTYPES = YES;
				CLANG_WARN_SUSPICIOUS_MOVE = YES;
				CLANG_WARN_UNGUARDED_AVAILABILITY = YES_AGGRESSIVE;
				CLANG_WARN_UNREACHABLE_CODE = YES;
				CLANG_WARN__DUPLICATE_METHOD_MATCH = YES;
				CODE_SIGN_IDENTITY = "iPhone Developer";
				COPY_PHASE_STRIP = NO;
				DEBUG_INFORMATION_FORMAT = dwarf;
				ENABLE_STRICT_OBJC_MSGSEND = YES;
				ENABLE_TESTABILITY = YES;
				GCC_C_LANGUAGE_STANDARD = gnu11;
				GCC_DYNAMIC_NO_PIC = NO;
				GCC_NO_COMMON_BLOCKS = YES;
				GCC_OPTIMIZATION_LEVEL = 0;
				GCC_PREPROCESSOR_DEFINITIONS = (
					"DEBUG=1",
					"$(inherited)",
				);
				GCC_WARN_64_TO_32_BIT_CONVERSION = YES;
				GCC_WARN_ABOUT_RETURN_TYPE = YES_ERROR;
				GCC_WARN_UNDECLARED_SELECTOR = YES;
				GCC_WARN_UNINITIALIZED_AUTOS = YES_AGGRESSIVE;
				GCC_WARN_UNUSED_FUNCTION = YES;
				GCC_WARN_UNUSED_VARIABLE = YES;
				IPHONEOS_DEPLOYMENT_TARGET = 11.4;
				MTL_ENABLE_DEBUG_INFO = YES;
				ONLY_ACTIVE_ARCH = YES;
				SDKROOT = iphoneos;
				SWIFT_ACTIVE_COMPILATION_CONDITIONS = DEBUG;
				SWIFT_OPTIMIZATION_LEVEL = "-Onone";
			};
			name = Debug;
		};
		3D09FB2F211E1F6500B3C495 /* Release */ = {
			isa = XCBuildConfiguration;
			buildSettings = {
				ALWAYS_SEARCH_USER_PATHS = NO;
				CLANG_ANALYZER_NONNULL = YES;
				CLANG_ANALYZER_NUMBER_OBJECT_CONVERSION = YES_AGGRESSIVE;
				CLANG_CXX_LANGUAGE_STANDARD = "gnu++14";
				CLANG_CXX_LIBRARY = "libc++";
				CLANG_ENABLE_MODULES = YES;
				CLANG_ENABLE_OBJC_ARC = YES;
				CLANG_ENABLE_OBJC_WEAK = YES;
				CLANG_WARN_BLOCK_CAPTURE_AUTORELEASING = YES;
				CLANG_WARN_BOOL_CONVERSION = YES;
				CLANG_WARN_COMMA = YES;
				CLANG_WARN_CONSTANT_CONVERSION = YES;
				CLANG_WARN_DEPRECATED_OBJC_IMPLEMENTATIONS = YES;
				CLANG_WARN_DIRECT_OBJC_ISA_USAGE = YES_ERROR;
				CLANG_WARN_DOCUMENTATION_COMMENTS = YES;
				CLANG_WARN_EMPTY_BODY = YES;
				CLANG_WARN_ENUM_CONVERSION = YES;
				CLANG_WARN_INFINITE_RECURSION = YES;
				CLANG_WARN_INT_CONVERSION = YES;
				CLANG_WARN_NON_LITERAL_NULL_CONVERSION = YES;
				CLANG_WARN_OBJC_IMPLICIT_RETAIN_SELF = YES;
				CLANG_WARN_OBJC_LITERAL_CONVERSION = YES;
				CLANG_WARN_OBJC_ROOT_CLASS = YES_ERROR;
				CLANG_WARN_RANGE_LOOP_ANALYSIS = YES;
				CLANG_WARN_STRICT_PROTOTYPES = YES;
				CLANG_WARN_SUSPICIOUS_MOVE = YES;
				CLANG_WARN_UNGUARDED_AVAILABILITY = YES_AGGRESSIVE;
				CLANG_WARN_UNREACHABLE_CODE = YES;
				CLANG_WARN__DUPLICATE_METHOD_MATCH = YES;
				CODE_SIGN_IDENTITY = "iPhone Developer";
				COPY_PHASE_STRIP = NO;
				DEBUG_INFORMATION_FORMAT = "dwarf-with-dsym";
				ENABLE_NS_ASSERTIONS = NO;
				ENABLE_STRICT_OBJC_MSGSEND = YES;
				GCC_C_LANGUAGE_STANDARD = gnu11;
				GCC_NO_COMMON_BLOCKS = YES;
				GCC_WARN_64_TO_32_BIT_CONVERSION = YES;
				GCC_WARN_ABOUT_RETURN_TYPE = YES_ERROR;
				GCC_WARN_UNDECLARED_SELECTOR = YES;
				GCC_WARN_UNINITIALIZED_AUTOS = YES_AGGRESSIVE;
				GCC_WARN_UNUSED_FUNCTION = YES;
				GCC_WARN_UNUSED_VARIABLE = YES;
				IPHONEOS_DEPLOYMENT_TARGET = 11.4;
				MTL_ENABLE_DEBUG_INFO = NO;
				SDKROOT = iphoneos;
				SWIFT_COMPILATION_MODE = wholemodule;
				SWIFT_OPTIMIZATION_LEVEL = "-O";
				VALIDATE_PRODUCT = YES;
			};
			name = Release;
		};
		3D09FB31211E1F6500B3C495 /* Debug */ = {
			isa = XCBuildConfiguration;
			buildSettings = {
				ASSETCATALOG_COMPILER_APPICON_NAME = AppIcon;
				CODE_SIGN_STYLE = Automatic;
				DEVELOPMENT_TEAM = 3C42F7N9CQ;
				INFOPLIST_FILE = Boro/Info.plist;
				LD_RUNPATH_SEARCH_PATHS = (
					"$(inherited)",
					"@executable_path/Frameworks",
				);
				PRODUCT_BUNDLE_IDENTIFIER = com.jossy.Boro;
				PRODUCT_NAME = "$(TARGET_NAME)";
				SWIFT_VERSION = 4.0;
				TARGETED_DEVICE_FAMILY = "1,2";
			};
			name = Debug;
		};
		3D09FB32211E1F6500B3C495 /* Release */ = {
			isa = XCBuildConfiguration;
			buildSettings = {
				ASSETCATALOG_COMPILER_APPICON_NAME = AppIcon;
				CODE_SIGN_STYLE = Automatic;
				DEVELOPMENT_TEAM = 3C42F7N9CQ;
				INFOPLIST_FILE = Boro/Info.plist;
				LD_RUNPATH_SEARCH_PATHS = (
					"$(inherited)",
					"@executable_path/Frameworks",
				);
				PRODUCT_BUNDLE_IDENTIFIER = com.jossy.Boro;
				PRODUCT_NAME = "$(TARGET_NAME)";
				SWIFT_VERSION = 4.0;
				TARGETED_DEVICE_FAMILY = "1,2";
			};
			name = Release;
		};
		3D09FB55211E2CC700B3C495 /* Debug */ = {
			isa = XCBuildConfiguration;
			buildSettings = {
				ASSETCATALOG_COMPILER_COMPLICATION_NAME = Template;
				CODE_SIGN_STYLE = Automatic;
				DEVELOPMENT_TEAM = 3C42F7N9CQ;
				INFOPLIST_FILE = "Boro WK Extension/Info.plist";
				LD_RUNPATH_SEARCH_PATHS = (
					"$(inherited)",
					"@executable_path/Frameworks",
					"@executable_path/../../Frameworks",
				);
				PRODUCT_BUNDLE_IDENTIFIER = com.jossy.Boro.watchkitapp.watchkitextension;
				PRODUCT_NAME = "${TARGET_NAME}";
				SDKROOT = watchos;
				SKIP_INSTALL = YES;
				SWIFT_VERSION = 4.0;
				TARGETED_DEVICE_FAMILY = 4;
				WATCHOS_DEPLOYMENT_TARGET = 4.3;
			};
			name = Debug;
		};
		3D09FB56211E2CC700B3C495 /* Release */ = {
			isa = XCBuildConfiguration;
			buildSettings = {
				ASSETCATALOG_COMPILER_COMPLICATION_NAME = Template;
				CODE_SIGN_STYLE = Automatic;
				DEVELOPMENT_TEAM = 3C42F7N9CQ;
				INFOPLIST_FILE = "Boro WK Extension/Info.plist";
				LD_RUNPATH_SEARCH_PATHS = (
					"$(inherited)",
					"@executable_path/Frameworks",
					"@executable_path/../../Frameworks",
				);
				PRODUCT_BUNDLE_IDENTIFIER = com.jossy.Boro.watchkitapp.watchkitextension;
				PRODUCT_NAME = "${TARGET_NAME}";
				SDKROOT = watchos;
				SKIP_INSTALL = YES;
				SWIFT_VERSION = 4.0;
				TARGETED_DEVICE_FAMILY = 4;
				WATCHOS_DEPLOYMENT_TARGET = 4.3;
			};
			name = Release;
		};
		3D09FB59211E2CC700B3C495 /* Debug */ = {
			isa = XCBuildConfiguration;
			buildSettings = {
				ALWAYS_EMBED_SWIFT_STANDARD_LIBRARIES = YES;
				ASSETCATALOG_COMPILER_APPICON_NAME = AppIcon;
				CODE_SIGN_STYLE = Automatic;
				DEVELOPMENT_TEAM = 3C42F7N9CQ;
				IBSC_MODULE = Boro_WK_Extension;
				INFOPLIST_FILE = "Boro WK/Info.plist";
				PRODUCT_BUNDLE_IDENTIFIER = com.jossy.Boro.watchkitapp;
				PRODUCT_NAME = "$(TARGET_NAME)";
				SDKROOT = watchos;
				SKIP_INSTALL = YES;
				SWIFT_VERSION = 4.0;
				TARGETED_DEVICE_FAMILY = 4;
				WATCHOS_DEPLOYMENT_TARGET = 4.3;
			};
			name = Debug;
		};
		3D09FB5A211E2CC700B3C495 /* Release */ = {
			isa = XCBuildConfiguration;
			buildSettings = {
				ALWAYS_EMBED_SWIFT_STANDARD_LIBRARIES = YES;
				ASSETCATALOG_COMPILER_APPICON_NAME = AppIcon;
				CODE_SIGN_STYLE = Automatic;
				DEVELOPMENT_TEAM = 3C42F7N9CQ;
				IBSC_MODULE = Boro_WK_Extension;
				INFOPLIST_FILE = "Boro WK/Info.plist";
				PRODUCT_BUNDLE_IDENTIFIER = com.jossy.Boro.watchkitapp;
				PRODUCT_NAME = "$(TARGET_NAME)";
				SDKROOT = watchos;
				SKIP_INSTALL = YES;
				SWIFT_VERSION = 4.0;
				TARGETED_DEVICE_FAMILY = 4;
				WATCHOS_DEPLOYMENT_TARGET = 4.3;
			};
			name = Release;
		};
/* End XCBuildConfiguration section */

/* Begin XCConfigurationList section */
		3D09FB19211E1F6300B3C495 /* Build configuration list for PBXProject "Boro" */ = {
			isa = XCConfigurationList;
			buildConfigurations = (
				3D09FB2E211E1F6500B3C495 /* Debug */,
				3D09FB2F211E1F6500B3C495 /* Release */,
			);
			defaultConfigurationIsVisible = 0;
			defaultConfigurationName = Release;
		};
		3D09FB30211E1F6500B3C495 /* Build configuration list for PBXNativeTarget "Boro" */ = {
			isa = XCConfigurationList;
			buildConfigurations = (
				3D09FB31211E1F6500B3C495 /* Debug */,
				3D09FB32211E1F6500B3C495 /* Release */,
			);
			defaultConfigurationIsVisible = 0;
			defaultConfigurationName = Release;
		};
		3D09FB54211E2CC700B3C495 /* Build configuration list for PBXNativeTarget "Boro WK Extension" */ = {
			isa = XCConfigurationList;
			buildConfigurations = (
				3D09FB55211E2CC700B3C495 /* Debug */,
				3D09FB56211E2CC700B3C495 /* Release */,
			);
			defaultConfigurationIsVisible = 0;
			defaultConfigurationName = Release;
		};
		3D09FB58211E2CC700B3C495 /* Build configuration list for PBXNativeTarget "Boro WK" */ = {
			isa = XCConfigurationList;
			buildConfigurations = (
				3D09FB59211E2CC700B3C495 /* Debug */,
				3D09FB5A211E2CC700B3C495 /* Release */,
			);
			defaultConfigurationIsVisible = 0;
			defaultConfigurationName = Release;
		};
/* End XCConfigurationList section */
	};
	rootObject = 3D09FB16211E1F6300B3C495 /* Project object */;
}
