// !$*UTF8*$!
{
	archiveVersion = 1;
	classes = {
	};
	objectVersion = 55;
	objects = {

/* Begin PBXBuildFile section */
		571813E82708E4EA00513DA8 /* Boro WatchKit App.app in Embed Watch Content */ = {isa = PBXBuildFile; fileRef = 571813E72708E4EA00513DA8 /* Boro WatchKit App.app */; settings = {ATTRIBUTES = (RemoveHeadersOnCopy, ); }; };
		571813ED2708E4EB00513DA8 /* Assets.xcassets in Resources */ = {isa = PBXBuildFile; fileRef = 571813EC2708E4EB00513DA8 /* Assets.xcassets */; };
		571813F32708E4EC00513DA8 /* Boro WatchKit Extension.appex in Embed App Extensions */ = {isa = PBXBuildFile; fileRef = 571813F22708E4EC00513DA8 /* Boro WatchKit Extension.appex */; settings = {ATTRIBUTES = (RemoveHeadersOnCopy, ); }; };
		571813F82708E4EC00513DA8 /* ContentView.swift in Sources */ = {isa = PBXBuildFile; fileRef = 571813F72708E4EC00513DA8 /* ContentView.swift */; };
		571813FA2708E4EC00513DA8 /* BoroApp.swift in Sources */ = {isa = PBXBuildFile; fileRef = 571813F92708E4EC00513DA8 /* BoroApp.swift */; };
		571813FC2708E4EC00513DA8 /* ComplicationController.swift in Sources */ = {isa = PBXBuildFile; fileRef = 571813FB2708E4EC00513DA8 /* ComplicationController.swift */; };
		571813FE2708E4ED00513DA8 /* Assets.xcassets in Resources */ = {isa = PBXBuildFile; fileRef = 571813FD2708E4ED00513DA8 /* Assets.xcassets */; };
		571814012708E4ED00513DA8 /* Preview Assets.xcassets in Resources */ = {isa = PBXBuildFile; fileRef = 571814002708E4ED00513DA8 /* Preview Assets.xcassets */; };
		571814192708E58D00513DA8 /* BoroKit.docc in Sources */ = {isa = PBXBuildFile; fileRef = 571814182708E58D00513DA8 /* BoroKit.docc */; };
		5718141F2708E58E00513DA8 /* BoroKit.framework in Frameworks */ = {isa = PBXBuildFile; fileRef = 571814152708E58D00513DA8 /* BoroKit.framework */; };
		571814262708E58E00513DA8 /* BoroTests.swift in Sources */ = {isa = PBXBuildFile; fileRef = 571814252708E58E00513DA8 /* BoroTests.swift */; };
		571814272708E58E00513DA8 /* BoroKit.h in Headers */ = {isa = PBXBuildFile; fileRef = 571814172708E58D00513DA8 /* BoroKit.h */; settings = {ATTRIBUTES = (Public, ); }; };
		5718142A2708E58E00513DA8 /* BoroKit.framework in Frameworks */ = {isa = PBXBuildFile; fileRef = 571814152708E58D00513DA8 /* BoroKit.framework */; };
		5718142B2708E58E00513DA8 /* BoroKit.framework in Embed Frameworks */ = {isa = PBXBuildFile; fileRef = 571814152708E58D00513DA8 /* BoroKit.framework */; settings = {ATTRIBUTES = (CodeSignOnCopy, RemoveHeadersOnCopy, ); }; };
		571814342708E5C500513DA8 /* BoroKit.swift in Sources */ = {isa = PBXBuildFile; fileRef = 571814332708E5C500513DA8 /* BoroKit.swift */; };
		57CE009C270B335D00D496F3 /* ExtensionDelegate.swift in Sources */ = {isa = PBXBuildFile; fileRef = 57CE009B270B335D00D496F3 /* ExtensionDelegate.swift */; };
		57CE009E270B4A3600D496F3 /* BoroKitTests.swift in Sources */ = {isa = PBXBuildFile; fileRef = 57CE009D270B4A3600D496F3 /* BoroKitTests.swift */; };
		57CE00A0270B50E000D496F3 /* Helpers.swift in Sources */ = {isa = PBXBuildFile; fileRef = 57CE009F270B50E000D496F3 /* Helpers.swift */; };
		57CE00A2270B510D00D496F3 /* BoroModels.swift in Sources */ = {isa = PBXBuildFile; fileRef = 57CE00A1270B510D00D496F3 /* BoroModels.swift */; };
/* End PBXBuildFile section */

/* Begin PBXContainerItemProxy section */
		571813E92708E4EA00513DA8 /* PBXContainerItemProxy */ = {
			isa = PBXContainerItemProxy;
			containerPortal = 571813DD2708E4E900513DA8 /* Project object */;
			proxyType = 1;
			remoteGlobalIDString = 571813E62708E4EA00513DA8;
			remoteInfo = "Boro WatchKit App";
		};
		571813F42708E4EC00513DA8 /* PBXContainerItemProxy */ = {
			isa = PBXContainerItemProxy;
			containerPortal = 571813DD2708E4E900513DA8 /* Project object */;
			proxyType = 1;
			remoteGlobalIDString = 571813F12708E4EC00513DA8;
			remoteInfo = "Boro WatchKit Extension";
		};
		571814202708E58E00513DA8 /* PBXContainerItemProxy */ = {
			isa = PBXContainerItemProxy;
			containerPortal = 571813DD2708E4E900513DA8 /* Project object */;
			proxyType = 1;
			remoteGlobalIDString = 571814142708E58D00513DA8;
			remoteInfo = BoroKit;
		};
		571814222708E58E00513DA8 /* PBXContainerItemProxy */ = {
			isa = PBXContainerItemProxy;
			containerPortal = 571813DD2708E4E900513DA8 /* Project object */;
			proxyType = 1;
			remoteGlobalIDString = 571813F12708E4EC00513DA8;
			remoteInfo = "Boro WatchKit Extension";
		};
		571814282708E58E00513DA8 /* PBXContainerItemProxy */ = {
			isa = PBXContainerItemProxy;
			containerPortal = 571813DD2708E4E900513DA8 /* Project object */;
			proxyType = 1;
			remoteGlobalIDString = 571814142708E58D00513DA8;
			remoteInfo = BoroKit;
		};
/* End PBXContainerItemProxy section */

/* Begin PBXCopyFilesBuildPhase section */
		571814082708E4ED00513DA8 /* Embed App Extensions */ = {
			isa = PBXCopyFilesBuildPhase;
			buildActionMask = 2147483647;
			dstPath = "";
			dstSubfolderSpec = 13;
			files = (
				571813F32708E4EC00513DA8 /* Boro WatchKit Extension.appex in Embed App Extensions */,
			);
			name = "Embed App Extensions";
			runOnlyForDeploymentPostprocessing = 0;
		};
		5718140C2708E4ED00513DA8 /* Embed Watch Content */ = {
			isa = PBXCopyFilesBuildPhase;
			buildActionMask = 2147483647;
			dstPath = "$(CONTENTS_FOLDER_PATH)/Watch";
			dstSubfolderSpec = 16;
			files = (
				571813E82708E4EA00513DA8 /* Boro WatchKit App.app in Embed Watch Content */,
			);
			name = "Embed Watch Content";
			runOnlyForDeploymentPostprocessing = 0;
		};
		5718142F2708E58E00513DA8 /* Embed Frameworks */ = {
			isa = PBXCopyFilesBuildPhase;
			buildActionMask = 2147483647;
			dstPath = "";
			dstSubfolderSpec = 10;
			files = (
				5718142B2708E58E00513DA8 /* BoroKit.framework in Embed Frameworks */,
			);
			name = "Embed Frameworks";
			runOnlyForDeploymentPostprocessing = 0;
		};
/* End PBXCopyFilesBuildPhase section */

/* Begin PBXFileReference section */
		571813E32708E4E900513DA8 /* Boro.app */ = {isa = PBXFileReference; explicitFileType = wrapper.application; includeInIndex = 0; path = Boro.app; sourceTree = BUILT_PRODUCTS_DIR; };
		571813E72708E4EA00513DA8 /* Boro WatchKit App.app */ = {isa = PBXFileReference; explicitFileType = wrapper.application; includeInIndex = 0; path = "Boro WatchKit App.app"; sourceTree = BUILT_PRODUCTS_DIR; };
		571813EC2708E4EB00513DA8 /* Assets.xcassets */ = {isa = PBXFileReference; lastKnownFileType = folder.assetcatalog; path = Assets.xcassets; sourceTree = "<group>"; };
		571813F22708E4EC00513DA8 /* Boro WatchKit Extension.appex */ = {isa = PBXFileReference; explicitFileType = "wrapper.app-extension"; includeInIndex = 0; path = "Boro WatchKit Extension.appex"; sourceTree = BUILT_PRODUCTS_DIR; };
		571813F72708E4EC00513DA8 /* ContentView.swift */ = {isa = PBXFileReference; lastKnownFileType = sourcecode.swift; path = ContentView.swift; sourceTree = "<group>"; };
		571813F92708E4EC00513DA8 /* BoroApp.swift */ = {isa = PBXFileReference; lastKnownFileType = sourcecode.swift; path = BoroApp.swift; sourceTree = "<group>"; };
		571813FB2708E4EC00513DA8 /* ComplicationController.swift */ = {isa = PBXFileReference; lastKnownFileType = sourcecode.swift; path = ComplicationController.swift; sourceTree = "<group>"; };
		571813FD2708E4ED00513DA8 /* Assets.xcassets */ = {isa = PBXFileReference; lastKnownFileType = folder.assetcatalog; path = Assets.xcassets; sourceTree = "<group>"; };
		571814002708E4ED00513DA8 /* Preview Assets.xcassets */ = {isa = PBXFileReference; lastKnownFileType = folder.assetcatalog; path = "Preview Assets.xcassets"; sourceTree = "<group>"; };
		571814022708E4ED00513DA8 /* Info.plist */ = {isa = PBXFileReference; lastKnownFileType = text.plist.xml; path = Info.plist; sourceTree = "<group>"; };
		571814152708E58D00513DA8 /* BoroKit.framework */ = {isa = PBXFileReference; explicitFileType = wrapper.framework; includeInIndex = 0; path = BoroKit.framework; sourceTree = BUILT_PRODUCTS_DIR; };
		571814172708E58D00513DA8 /* BoroKit.h */ = {isa = PBXFileReference; lastKnownFileType = sourcecode.c.h; path = BoroKit.h; sourceTree = "<group>"; };
		571814182708E58D00513DA8 /* BoroKit.docc */ = {isa = PBXFileReference; lastKnownFileType = folder.documentationcatalog; path = BoroKit.docc; sourceTree = "<group>"; };
		5718141E2708E58E00513DA8 /* BoroKitTests.xctest */ = {isa = PBXFileReference; explicitFileType = wrapper.cfbundle; includeInIndex = 0; path = BoroKitTests.xctest; sourceTree = BUILT_PRODUCTS_DIR; };
		571814252708E58E00513DA8 /* BoroTests.swift */ = {isa = PBXFileReference; lastKnownFileType = sourcecode.swift; path = BoroTests.swift; sourceTree = "<group>"; };
		571814332708E5C500513DA8 /* BoroKit.swift */ = {isa = PBXFileReference; lastKnownFileType = sourcecode.swift; path = BoroKit.swift; sourceTree = "<group>"; };
		57CE009A270A024400D496F3 /* Boro-WatchKit-App-Info.plist */ = {isa = PBXFileReference; lastKnownFileType = text.plist; path = "Boro-WatchKit-App-Info.plist"; sourceTree = SOURCE_ROOT; };
		57CE009B270B335D00D496F3 /* ExtensionDelegate.swift */ = {isa = PBXFileReference; lastKnownFileType = sourcecode.swift; path = ExtensionDelegate.swift; sourceTree = "<group>"; };
		57CE009D270B4A3600D496F3 /* BoroKitTests.swift */ = {isa = PBXFileReference; lastKnownFileType = sourcecode.swift; path = BoroKitTests.swift; sourceTree = "<group>"; };
		57CE009F270B50E000D496F3 /* Helpers.swift */ = {isa = PBXFileReference; lastKnownFileType = sourcecode.swift; path = Helpers.swift; sourceTree = "<group>"; };
		57CE00A1270B510D00D496F3 /* BoroModels.swift */ = {isa = PBXFileReference; lastKnownFileType = sourcecode.swift; path = BoroModels.swift; sourceTree = "<group>"; };
/* End PBXFileReference section */

/* Begin PBXFrameworksBuildPhase section */
		571813EF2708E4EC00513DA8 /* Frameworks */ = {
			isa = PBXFrameworksBuildPhase;
			buildActionMask = 2147483647;
			files = (
				5718142A2708E58E00513DA8 /* BoroKit.framework in Frameworks */,
			);
			runOnlyForDeploymentPostprocessing = 0;
		};
		571814122708E58D00513DA8 /* Frameworks */ = {
			isa = PBXFrameworksBuildPhase;
			buildActionMask = 2147483647;
			files = (
			);
			runOnlyForDeploymentPostprocessing = 0;
		};
		5718141B2708E58E00513DA8 /* Frameworks */ = {
			isa = PBXFrameworksBuildPhase;
			buildActionMask = 2147483647;
			files = (
				5718141F2708E58E00513DA8 /* BoroKit.framework in Frameworks */,
			);
			runOnlyForDeploymentPostprocessing = 0;
		};
/* End PBXFrameworksBuildPhase section */

/* Begin PBXGroup section */
		571813DC2708E4E900513DA8 = {
			isa = PBXGroup;
			children = (
				571813EB2708E4EA00513DA8 /* Boro WatchKit App */,
				571813F62708E4EC00513DA8 /* Boro WatchKit Extension */,
				571814162708E58D00513DA8 /* BoroKit */,
				571814242708E58E00513DA8 /* BoroKitTests */,
				571813E42708E4E900513DA8 /* Products */,
			);
			sourceTree = "<group>";
		};
		571813E42708E4E900513DA8 /* Products */ = {
			isa = PBXGroup;
			children = (
				571813E32708E4E900513DA8 /* Boro.app */,
				571813E72708E4EA00513DA8 /* Boro WatchKit App.app */,
				571813F22708E4EC00513DA8 /* Boro WatchKit Extension.appex */,
				571814152708E58D00513DA8 /* BoroKit.framework */,
				5718141E2708E58E00513DA8 /* BoroKitTests.xctest */,
			);
			name = Products;
			sourceTree = "<group>";
		};
		571813EB2708E4EA00513DA8 /* Boro WatchKit App */ = {
			isa = PBXGroup;
			children = (
				57CE009A270A024400D496F3 /* Boro-WatchKit-App-Info.plist */,
				571813EC2708E4EB00513DA8 /* Assets.xcassets */,
			);
			path = "Boro WatchKit App";
			sourceTree = "<group>";
		};
		571813F62708E4EC00513DA8 /* Boro WatchKit Extension */ = {
			isa = PBXGroup;
			children = (
				571813F72708E4EC00513DA8 /* ContentView.swift */,
				571813F92708E4EC00513DA8 /* BoroApp.swift */,
				57CE009B270B335D00D496F3 /* ExtensionDelegate.swift */,
				571813FB2708E4EC00513DA8 /* ComplicationController.swift */,
				571813FD2708E4ED00513DA8 /* Assets.xcassets */,
				571814022708E4ED00513DA8 /* Info.plist */,
				571813FF2708E4ED00513DA8 /* Preview Content */,
			);
			path = "Boro WatchKit Extension";
			sourceTree = "<group>";
		};
		571813FF2708E4ED00513DA8 /* Preview Content */ = {
			isa = PBXGroup;
			children = (
				571814002708E4ED00513DA8 /* Preview Assets.xcassets */,
			);
			path = "Preview Content";
			sourceTree = "<group>";
		};
		571814162708E58D00513DA8 /* BoroKit */ = {
			isa = PBXGroup;
			children = (
				571814172708E58D00513DA8 /* BoroKit.h */,
				571814182708E58D00513DA8 /* BoroKit.docc */,
				571814332708E5C500513DA8 /* BoroKit.swift */,
				57CE00A1270B510D00D496F3 /* BoroModels.swift */,
				57CE009F270B50E000D496F3 /* Helpers.swift */,
			);
			path = BoroKit;
			sourceTree = "<group>";
		};
		571814242708E58E00513DA8 /* BoroKitTests */ = {
			isa = PBXGroup;
			children = (
				571814252708E58E00513DA8 /* BoroTests.swift */,
				57CE009D270B4A3600D496F3 /* BoroKitTests.swift */,
			);
			path = BoroKitTests;
			sourceTree = "<group>";
		};
/* End PBXGroup section */

/* Begin PBXHeadersBuildPhase section */
		571814102708E58D00513DA8 /* Headers */ = {
			isa = PBXHeadersBuildPhase;
			buildActionMask = 2147483647;
			files = (
				571814272708E58E00513DA8 /* BoroKit.h in Headers */,
			);
			runOnlyForDeploymentPostprocessing = 0;
		};
/* End PBXHeadersBuildPhase section */

/* Begin PBXNativeTarget section */
		571813E22708E4E900513DA8 /* Boro */ = {
			isa = PBXNativeTarget;
			buildConfigurationList = 5718140D2708E4ED00513DA8 /* Build configuration list for PBXNativeTarget "Boro" */;
			buildPhases = (
				571813E12708E4E900513DA8 /* Resources */,
				5718140C2708E4ED00513DA8 /* Embed Watch Content */,
			);
			buildRules = (
			);
			dependencies = (
				571813EA2708E4EA00513DA8 /* PBXTargetDependency */,
			);
			name = Boro;
			productName = Boro;
			productReference = 571813E32708E4E900513DA8 /* Boro.app */;
			productType = "com.apple.product-type.application.watchapp2-container";
		};
		571813E62708E4EA00513DA8 /* Boro WatchKit App */ = {
			isa = PBXNativeTarget;
			buildConfigurationList = 571814092708E4ED00513DA8 /* Build configuration list for PBXNativeTarget "Boro WatchKit App" */;
			buildPhases = (
				571813E52708E4EA00513DA8 /* Resources */,
				571814082708E4ED00513DA8 /* Embed App Extensions */,
			);
			buildRules = (
			);
			dependencies = (
				571813F52708E4EC00513DA8 /* PBXTargetDependency */,
			);
			name = "Boro WatchKit App";
			productName = "Boro WatchKit App";
			productReference = 571813E72708E4EA00513DA8 /* Boro WatchKit App.app */;
			productType = "com.apple.product-type.application.watchapp2";
		};
		571813F12708E4EC00513DA8 /* Boro WatchKit Extension */ = {
			isa = PBXNativeTarget;
			buildConfigurationList = 571814052708E4ED00513DA8 /* Build configuration list for PBXNativeTarget "Boro WatchKit Extension" */;
			buildPhases = (
				571813EE2708E4EC00513DA8 /* Sources */,
				571813EF2708E4EC00513DA8 /* Frameworks */,
				571813F02708E4EC00513DA8 /* Resources */,
				5718142F2708E58E00513DA8 /* Embed Frameworks */,
			);
			buildRules = (
			);
			dependencies = (
				571814292708E58E00513DA8 /* PBXTargetDependency */,
			);
			name = "Boro WatchKit Extension";
			productName = "Boro WatchKit Extension";
			productReference = 571813F22708E4EC00513DA8 /* Boro WatchKit Extension.appex */;
			productType = "com.apple.product-type.watchkit2-extension";
		};
		571814142708E58D00513DA8 /* BoroKit */ = {
			isa = PBXNativeTarget;
			buildConfigurationList = 5718142C2708E58E00513DA8 /* Build configuration list for PBXNativeTarget "BoroKit" */;
			buildPhases = (
				571814102708E58D00513DA8 /* Headers */,
				571814112708E58D00513DA8 /* Sources */,
				571814122708E58D00513DA8 /* Frameworks */,
				571814132708E58D00513DA8 /* Resources */,
			);
			buildRules = (
			);
			dependencies = (
			);
			name = BoroKit;
			productName = BoroKit;
			productReference = 571814152708E58D00513DA8 /* BoroKit.framework */;
			productType = "com.apple.product-type.framework";
		};
		5718141D2708E58E00513DA8 /* BoroKitTests */ = {
			isa = PBXNativeTarget;
			buildConfigurationList = 571814302708E58E00513DA8 /* Build configuration list for PBXNativeTarget "BoroKitTests" */;
			buildPhases = (
				5718141A2708E58E00513DA8 /* Sources */,
				5718141B2708E58E00513DA8 /* Frameworks */,
				5718141C2708E58E00513DA8 /* Resources */,
			);
			buildRules = (
			);
			dependencies = (
				571814212708E58E00513DA8 /* PBXTargetDependency */,
				571814232708E58E00513DA8 /* PBXTargetDependency */,
			);
			name = BoroKitTests;
			productName = BoroKitTests;
			productReference = 5718141E2708E58E00513DA8 /* BoroKitTests.xctest */;
			productType = "com.apple.product-type.bundle.unit-test";
		};
/* End PBXNativeTarget section */

/* Begin PBXProject section */
		571813DD2708E4E900513DA8 /* Project object */ = {
			isa = PBXProject;
			attributes = {
				BuildIndependentTargetsInParallel = 1;
				LastSwiftUpdateCheck = 1300;
				LastUpgradeCheck = 1300;
				TargetAttributes = {
					571813E22708E4E900513DA8 = {
						CreatedOnToolsVersion = 13.0;
					};
					571813E62708E4EA00513DA8 = {
						CreatedOnToolsVersion = 13.0;
					};
					571813F12708E4EC00513DA8 = {
						CreatedOnToolsVersion = 13.0;
					};
					571814142708E58D00513DA8 = {
						CreatedOnToolsVersion = 13.0;
					};
					5718141D2708E58E00513DA8 = {
						CreatedOnToolsVersion = 13.0;
						TestTargetID = 571813F12708E4EC00513DA8;
					};
				};
			};
			buildConfigurationList = 571813E02708E4E900513DA8 /* Build configuration list for PBXProject "Boro" */;
			compatibilityVersion = "Xcode 13.0";
			developmentRegion = en;
			hasScannedForEncodings = 0;
			knownRegions = (
				en,
				Base,
			);
			mainGroup = 571813DC2708E4E900513DA8;
			productRefGroup = 571813E42708E4E900513DA8 /* Products */;
			projectDirPath = "";
			projectRoot = "";
			targets = (
				571813E22708E4E900513DA8 /* Boro */,
				571813E62708E4EA00513DA8 /* Boro WatchKit App */,
				571813F12708E4EC00513DA8 /* Boro WatchKit Extension */,
				571814142708E58D00513DA8 /* BoroKit */,
				5718141D2708E58E00513DA8 /* BoroKitTests */,
			);
		};
/* End PBXProject section */

/* Begin PBXResourcesBuildPhase section */
		571813E12708E4E900513DA8 /* Resources */ = {
			isa = PBXResourcesBuildPhase;
			buildActionMask = 2147483647;
			files = (
			);
			runOnlyForDeploymentPostprocessing = 0;
		};
		571813E52708E4EA00513DA8 /* Resources */ = {
			isa = PBXResourcesBuildPhase;
			buildActionMask = 2147483647;
			files = (
				571813ED2708E4EB00513DA8 /* Assets.xcassets in Resources */,
			);
			runOnlyForDeploymentPostprocessing = 0;
		};
		571813F02708E4EC00513DA8 /* Resources */ = {
			isa = PBXResourcesBuildPhase;
			buildActionMask = 2147483647;
			files = (
				571814012708E4ED00513DA8 /* Preview Assets.xcassets in Resources */,
				571813FE2708E4ED00513DA8 /* Assets.xcassets in Resources */,
			);
			runOnlyForDeploymentPostprocessing = 0;
		};
		571814132708E58D00513DA8 /* Resources */ = {
			isa = PBXResourcesBuildPhase;
			buildActionMask = 2147483647;
			files = (
			);
			runOnlyForDeploymentPostprocessing = 0;
		};
		5718141C2708E58E00513DA8 /* Resources */ = {
			isa = PBXResourcesBuildPhase;
			buildActionMask = 2147483647;
			files = (
			);
			runOnlyForDeploymentPostprocessing = 0;
		};
/* End PBXResourcesBuildPhase section */

/* Begin PBXSourcesBuildPhase section */
		571813EE2708E4EC00513DA8 /* Sources */ = {
			isa = PBXSourcesBuildPhase;
			buildActionMask = 2147483647;
			files = (
				571813F82708E4EC00513DA8 /* ContentView.swift in Sources */,
				571813FA2708E4EC00513DA8 /* BoroApp.swift in Sources */,
				57CE009C270B335D00D496F3 /* ExtensionDelegate.swift in Sources */,
				571813FC2708E4EC00513DA8 /* ComplicationController.swift in Sources */,
			);
			runOnlyForDeploymentPostprocessing = 0;
		};
		571814112708E58D00513DA8 /* Sources */ = {
			isa = PBXSourcesBuildPhase;
			buildActionMask = 2147483647;
			files = (
				571814342708E5C500513DA8 /* BoroKit.swift in Sources */,
				57CE00A2270B510D00D496F3 /* BoroModels.swift in Sources */,
				57CE00A0270B50E000D496F3 /* Helpers.swift in Sources */,
				571814192708E58D00513DA8 /* BoroKit.docc in Sources */,
			);
			runOnlyForDeploymentPostprocessing = 0;
		};
		5718141A2708E58E00513DA8 /* Sources */ = {
			isa = PBXSourcesBuildPhase;
			buildActionMask = 2147483647;
			files = (
				57CE009E270B4A3600D496F3 /* BoroKitTests.swift in Sources */,
				571814262708E58E00513DA8 /* BoroTests.swift in Sources */,
			);
			runOnlyForDeploymentPostprocessing = 0;
		};
/* End PBXSourcesBuildPhase section */

/* Begin PBXTargetDependency section */
		571813EA2708E4EA00513DA8 /* PBXTargetDependency */ = {
			isa = PBXTargetDependency;
			target = 571813E62708E4EA00513DA8 /* Boro WatchKit App */;
			targetProxy = 571813E92708E4EA00513DA8 /* PBXContainerItemProxy */;
		};
		571813F52708E4EC00513DA8 /* PBXTargetDependency */ = {
			isa = PBXTargetDependency;
			target = 571813F12708E4EC00513DA8 /* Boro WatchKit Extension */;
			targetProxy = 571813F42708E4EC00513DA8 /* PBXContainerItemProxy */;
		};
		571814212708E58E00513DA8 /* PBXTargetDependency */ = {
			isa = PBXTargetDependency;
			target = 571814142708E58D00513DA8 /* BoroKit */;
			targetProxy = 571814202708E58E00513DA8 /* PBXContainerItemProxy */;
		};
		571814232708E58E00513DA8 /* PBXTargetDependency */ = {
			isa = PBXTargetDependency;
			target = 571813F12708E4EC00513DA8 /* Boro WatchKit Extension */;
			targetProxy = 571814222708E58E00513DA8 /* PBXContainerItemProxy */;
		};
		571814292708E58E00513DA8 /* PBXTargetDependency */ = {
			isa = PBXTargetDependency;
			target = 571814142708E58D00513DA8 /* BoroKit */;
			targetProxy = 571814282708E58E00513DA8 /* PBXContainerItemProxy */;
		};
/* End PBXTargetDependency section */

/* Begin XCBuildConfiguration section */
		571814032708E4ED00513DA8 /* Debug */ = {
			isa = XCBuildConfiguration;
			buildSettings = {
				ALWAYS_SEARCH_USER_PATHS = NO;
				CLANG_ANALYZER_NONNULL = YES;
				CLANG_ANALYZER_NUMBER_OBJECT_CONVERSION = YES_AGGRESSIVE;
				CLANG_CXX_LANGUAGE_STANDARD = "gnu++17";
				CLANG_CXX_LIBRARY = "libc++";
				CLANG_ENABLE_MODULES = YES;
				CLANG_ENABLE_OBJC_ARC = YES;
				CLANG_ENABLE_OBJC_WEAK = YES;
				CLANG_WARN_BLOCK_CAPTURE_AUTORELEASING = YES;
				CLANG_WARN_BOOL_CONVERSION = YES;
				CLANG_WARN_COMMA = YES;
				CLANG_WARN_CONSTANT_CONVERSION = YES;
				CLANG_WARN_DEPRECATED_OBJC_IMPLEMENTATIONS = YES;
				CLANG_WARN_DIRECT_OBJC_ISA_USAGE = YES_ERROR;
				CLANG_WARN_DOCUMENTATION_COMMENTS = YES;
				CLANG_WARN_EMPTY_BODY = YES;
				CLANG_WARN_ENUM_CONVERSION = YES;
				CLANG_WARN_INFINITE_RECURSION = YES;
				CLANG_WARN_INT_CONVERSION = YES;
				CLANG_WARN_NON_LITERAL_NULL_CONVERSION = YES;
				CLANG_WARN_OBJC_IMPLICIT_RETAIN_SELF = YES;
				CLANG_WARN_OBJC_LITERAL_CONVERSION = YES;
				CLANG_WARN_OBJC_ROOT_CLASS = YES_ERROR;
				CLANG_WARN_QUOTED_INCLUDE_IN_FRAMEWORK_HEADER = YES;
				CLANG_WARN_RANGE_LOOP_ANALYSIS = YES;
				CLANG_WARN_STRICT_PROTOTYPES = YES;
				CLANG_WARN_SUSPICIOUS_MOVE = YES;
				CLANG_WARN_UNGUARDED_AVAILABILITY = YES_AGGRESSIVE;
				CLANG_WARN_UNREACHABLE_CODE = YES;
				CLANG_WARN__DUPLICATE_METHOD_MATCH = YES;
				COPY_PHASE_STRIP = NO;
				DEBUG_INFORMATION_FORMAT = dwarf;
				ENABLE_STRICT_OBJC_MSGSEND = YES;
				ENABLE_TESTABILITY = YES;
				GCC_C_LANGUAGE_STANDARD = gnu11;
				GCC_DYNAMIC_NO_PIC = NO;
				GCC_NO_COMMON_BLOCKS = YES;
				GCC_OPTIMIZATION_LEVEL = 0;
				GCC_PREPROCESSOR_DEFINITIONS = (
					"DEBUG=1",
					"$(inherited)",
				);
				GCC_WARN_64_TO_32_BIT_CONVERSION = YES;
				GCC_WARN_ABOUT_RETURN_TYPE = YES_ERROR;
				GCC_WARN_UNDECLARED_SELECTOR = YES;
				GCC_WARN_UNINITIALIZED_AUTOS = YES_AGGRESSIVE;
				GCC_WARN_UNUSED_FUNCTION = YES;
				GCC_WARN_UNUSED_VARIABLE = YES;
				MTL_ENABLE_DEBUG_INFO = INCLUDE_SOURCE;
				MTL_FAST_MATH = YES;
				ONLY_ACTIVE_ARCH = YES;
				SDKROOT = iphoneos;
				SWIFT_ACTIVE_COMPILATION_CONDITIONS = DEBUG;
				SWIFT_OPTIMIZATION_LEVEL = "-Onone";
			};
			name = Debug;
		};
		571814042708E4ED00513DA8 /* Release */ = {
			isa = XCBuildConfiguration;
			buildSettings = {
				ALWAYS_SEARCH_USER_PATHS = NO;
				CLANG_ANALYZER_NONNULL = YES;
				CLANG_ANALYZER_NUMBER_OBJECT_CONVERSION = YES_AGGRESSIVE;
				CLANG_CXX_LANGUAGE_STANDARD = "gnu++17";
				CLANG_CXX_LIBRARY = "libc++";
				CLANG_ENABLE_MODULES = YES;
				CLANG_ENABLE_OBJC_ARC = YES;
				CLANG_ENABLE_OBJC_WEAK = YES;
				CLANG_WARN_BLOCK_CAPTURE_AUTORELEASING = YES;
				CLANG_WARN_BOOL_CONVERSION = YES;
				CLANG_WARN_COMMA = YES;
				CLANG_WARN_CONSTANT_CONVERSION = YES;
				CLANG_WARN_DEPRECATED_OBJC_IMPLEMENTATIONS = YES;
				CLANG_WARN_DIRECT_OBJC_ISA_USAGE = YES_ERROR;
				CLANG_WARN_DOCUMENTATION_COMMENTS = YES;
				CLANG_WARN_EMPTY_BODY = YES;
				CLANG_WARN_ENUM_CONVERSION = YES;
				CLANG_WARN_INFINITE_RECURSION = YES;
				CLANG_WARN_INT_CONVERSION = YES;
				CLANG_WARN_NON_LITERAL_NULL_CONVERSION = YES;
				CLANG_WARN_OBJC_IMPLICIT_RETAIN_SELF = YES;
				CLANG_WARN_OBJC_LITERAL_CONVERSION = YES;
				CLANG_WARN_OBJC_ROOT_CLASS = YES_ERROR;
				CLANG_WARN_QUOTED_INCLUDE_IN_FRAMEWORK_HEADER = YES;
				CLANG_WARN_RANGE_LOOP_ANALYSIS = YES;
				CLANG_WARN_STRICT_PROTOTYPES = YES;
				CLANG_WARN_SUSPICIOUS_MOVE = YES;
				CLANG_WARN_UNGUARDED_AVAILABILITY = YES_AGGRESSIVE;
				CLANG_WARN_UNREACHABLE_CODE = YES;
				CLANG_WARN__DUPLICATE_METHOD_MATCH = YES;
				COPY_PHASE_STRIP = NO;
				DEBUG_INFORMATION_FORMAT = "dwarf-with-dsym";
				ENABLE_NS_ASSERTIONS = NO;
				ENABLE_STRICT_OBJC_MSGSEND = YES;
				GCC_C_LANGUAGE_STANDARD = gnu11;
				GCC_NO_COMMON_BLOCKS = YES;
				GCC_WARN_64_TO_32_BIT_CONVERSION = YES;
				GCC_WARN_ABOUT_RETURN_TYPE = YES_ERROR;
				GCC_WARN_UNDECLARED_SELECTOR = YES;
				GCC_WARN_UNINITIALIZED_AUTOS = YES_AGGRESSIVE;
				GCC_WARN_UNUSED_FUNCTION = YES;
				GCC_WARN_UNUSED_VARIABLE = YES;
				MTL_ENABLE_DEBUG_INFO = NO;
				MTL_FAST_MATH = YES;
				SDKROOT = iphoneos;
				SWIFT_COMPILATION_MODE = wholemodule;
				SWIFT_OPTIMIZATION_LEVEL = "-O";
				VALIDATE_PRODUCT = YES;
			};
			name = Release;
		};
		571814062708E4ED00513DA8 /* Debug */ = {
			isa = XCBuildConfiguration;
			buildSettings = {
				ASSETCATALOG_COMPILER_COMPLICATION_NAME = Complication;
				CODE_SIGN_STYLE = Automatic;
				CURRENT_PROJECT_VERSION = 1;
				DEVELOPMENT_ASSET_PATHS = "\"Boro WatchKit Extension/Preview Content\"";
				DEVELOPMENT_TEAM = 3C42F7N9CQ;
				ENABLE_PREVIEWS = YES;
				GENERATE_INFOPLIST_FILE = YES;
				INFOPLIST_FILE = "Boro WatchKit Extension/Info.plist";
				INFOPLIST_KEY_CFBundleDisplayName = "Boro WatchKit Extension";
				INFOPLIST_KEY_CLKComplicationPrincipalClass = Boro_WatchKit_Extension.ComplicationController;
				INFOPLIST_KEY_NSHumanReadableCopyright = "This is a location aware app, and we need access to device location to proceed.";
				INFOPLIST_KEY_NSLocationWhenInUseUsageDescription = hello;
				INFOPLIST_KEY_WKWatchOnly = YES;
				LD_RUNPATH_SEARCH_PATHS = (
					"$(inherited)",
					"@executable_path/Frameworks",
					"@executable_path/../../Frameworks",
				);
				MARKETING_VERSION = 1.0;
				PRODUCT_BUNDLE_IDENTIFIER = co.jossy.Boro.watchkitapp.watchkitextension;
				PRODUCT_NAME = "${TARGET_NAME}";
				SDKROOT = watchos;
				SKIP_INSTALL = YES;
				SWIFT_EMIT_LOC_STRINGS = YES;
				SWIFT_VERSION = 5.0;
				TARGETED_DEVICE_FAMILY = 4;
				WATCHOS_DEPLOYMENT_TARGET = 8.0;
			};
			name = Debug;
		};
		571814072708E4ED00513DA8 /* Release */ = {
			isa = XCBuildConfiguration;
			buildSettings = {
				ASSETCATALOG_COMPILER_COMPLICATION_NAME = Complication;
				CODE_SIGN_STYLE = Automatic;
				CURRENT_PROJECT_VERSION = 1;
				DEVELOPMENT_ASSET_PATHS = "\"Boro WatchKit Extension/Preview Content\"";
				DEVELOPMENT_TEAM = 3C42F7N9CQ;
				ENABLE_PREVIEWS = YES;
				GENERATE_INFOPLIST_FILE = YES;
				INFOPLIST_FILE = "Boro WatchKit Extension/Info.plist";
				INFOPLIST_KEY_CFBundleDisplayName = "Boro WatchKit Extension";
				INFOPLIST_KEY_CLKComplicationPrincipalClass = Boro_WatchKit_Extension.ComplicationController;
				INFOPLIST_KEY_NSHumanReadableCopyright = "This is a location aware app, and we need access to device location to proceed.";
				INFOPLIST_KEY_NSLocationWhenInUseUsageDescription = hello;
				INFOPLIST_KEY_WKWatchOnly = YES;
				LD_RUNPATH_SEARCH_PATHS = (
					"$(inherited)",
					"@executable_path/Frameworks",
					"@executable_path/../../Frameworks",
				);
				MARKETING_VERSION = 1.0;
				PRODUCT_BUNDLE_IDENTIFIER = co.jossy.Boro.watchkitapp.watchkitextension;
				PRODUCT_NAME = "${TARGET_NAME}";
				SDKROOT = watchos;
				SKIP_INSTALL = YES;
				SWIFT_EMIT_LOC_STRINGS = YES;
				SWIFT_VERSION = 5.0;
				TARGETED_DEVICE_FAMILY = 4;
				WATCHOS_DEPLOYMENT_TARGET = 8.0;
			};
			name = Release;
		};
		5718140A2708E4ED00513DA8 /* Debug */ = {
			isa = XCBuildConfiguration;
			buildSettings = {
				ALWAYS_EMBED_SWIFT_STANDARD_LIBRARIES = YES;
				ASSETCATALOG_COMPILER_APPICON_NAME = AppIcon;
				ASSETCATALOG_COMPILER_GLOBAL_ACCENT_COLOR_NAME = AccentColor;
				CODE_SIGN_STYLE = Automatic;
				CURRENT_PROJECT_VERSION = 1;
				DEVELOPMENT_TEAM = 3C42F7N9CQ;
				GENERATE_INFOPLIST_FILE = YES;
				IBSC_MODULE = Boro_WatchKit_Extension;
				INFOPLIST_FILE = "Boro-WatchKit-App-Info.plist";
				INFOPLIST_KEY_CFBundleDisplayName = "Boro WatchKit App";
				INFOPLIST_KEY_LSApplicationCategoryType = "";
				INFOPLIST_KEY_NSLocationWhenInUseUsageDescription = "This is a location aware app, and we need access to device location to proceed.";
				INFOPLIST_KEY_UISupportedInterfaceOrientations = "UIInterfaceOrientationPortrait UIInterfaceOrientationPortraitUpsideDown";
				MARKETING_VERSION = 1.0;
				PRODUCT_BUNDLE_IDENTIFIER = co.jossy.Boro.watchkitapp;
				PRODUCT_NAME = "$(TARGET_NAME)";
				SDKROOT = watchos;
				SKIP_INSTALL = YES;
				SWIFT_EMIT_LOC_STRINGS = YES;
				SWIFT_VERSION = 5.0;
				TARGETED_DEVICE_FAMILY = 4;
				WATCHOS_DEPLOYMENT_TARGET = 8.0;
			};
			name = Debug;
		};
		5718140B2708E4ED00513DA8 /* Release */ = {
			isa = XCBuildConfiguration;
			buildSettings = {
				ALWAYS_EMBED_SWIFT_STANDARD_LIBRARIES = YES;
				ASSETCATALOG_COMPILER_APPICON_NAME = AppIcon;
				ASSETCATALOG_COMPILER_GLOBAL_ACCENT_COLOR_NAME = AccentColor;
				CODE_SIGN_STYLE = Automatic;
				CURRENT_PROJECT_VERSION = 1;
				DEVELOPMENT_TEAM = 3C42F7N9CQ;
				GENERATE_INFOPLIST_FILE = YES;
				IBSC_MODULE = Boro_WatchKit_Extension;
				INFOPLIST_FILE = "Boro-WatchKit-App-Info.plist";
				INFOPLIST_KEY_CFBundleDisplayName = "Boro WatchKit App";
				INFOPLIST_KEY_LSApplicationCategoryType = "";
				INFOPLIST_KEY_NSLocationWhenInUseUsageDescription = "This is a location aware app, and we need access to device location to proceed.";
				INFOPLIST_KEY_UISupportedInterfaceOrientations = "UIInterfaceOrientationPortrait UIInterfaceOrientationPortraitUpsideDown";
				MARKETING_VERSION = 1.0;
				PRODUCT_BUNDLE_IDENTIFIER = co.jossy.Boro.watchkitapp;
				PRODUCT_NAME = "$(TARGET_NAME)";
				SDKROOT = watchos;
				SKIP_INSTALL = YES;
				SWIFT_EMIT_LOC_STRINGS = YES;
				SWIFT_VERSION = 5.0;
				TARGETED_DEVICE_FAMILY = 4;
				WATCHOS_DEPLOYMENT_TARGET = 8.0;
			};
			name = Release;
		};
		5718140E2708E4ED00513DA8 /* Debug */ = {
			isa = XCBuildConfiguration;
			buildSettings = {
				CODE_SIGN_STYLE = Automatic;
				CURRENT_PROJECT_VERSION = 1;
				DEVELOPMENT_TEAM = 3C42F7N9CQ;
				MARKETING_VERSION = 1.0;
				PRODUCT_BUNDLE_IDENTIFIER = co.jossy.Boro;
				PRODUCT_NAME = "$(TARGET_NAME)";
				SWIFT_VERSION = 5.0;
			};
			name = Debug;
		};
		5718140F2708E4ED00513DA8 /* Release */ = {
			isa = XCBuildConfiguration;
			buildSettings = {
				CODE_SIGN_STYLE = Automatic;
				CURRENT_PROJECT_VERSION = 1;
				DEVELOPMENT_TEAM = 3C42F7N9CQ;
				MARKETING_VERSION = 1.0;
				PRODUCT_BUNDLE_IDENTIFIER = co.jossy.Boro;
				PRODUCT_NAME = "$(TARGET_NAME)";
				SWIFT_VERSION = 5.0;
			};
			name = Release;
		};
		5718142D2708E58E00513DA8 /* Debug */ = {
			isa = XCBuildConfiguration;
			buildSettings = {
				APPLICATION_EXTENSION_API_ONLY = YES;
				CODE_SIGN_STYLE = Automatic;
				CURRENT_PROJECT_VERSION = 1;
				DEFINES_MODULE = YES;
				DEVELOPMENT_TEAM = 3C42F7N9CQ;
				DYLIB_COMPATIBILITY_VERSION = 1;
				DYLIB_CURRENT_VERSION = 1;
				DYLIB_INSTALL_NAME_BASE = "@rpath";
				GENERATE_INFOPLIST_FILE = YES;
				INFOPLIST_KEY_NSHumanReadableCopyright = "";
				INSTALL_PATH = "$(LOCAL_LIBRARY_DIR)/Frameworks";
				LD_RUNPATH_SEARCH_PATHS = (
					"$(inherited)",
					"@executable_path/Frameworks",
					"@loader_path/Frameworks",
				);
				MARKETING_VERSION = 1.0;
				PRODUCT_BUNDLE_IDENTIFIER = co.jossy.BoroKit;
				PRODUCT_NAME = "$(TARGET_NAME:c99extidentifier)";
				SDKROOT = watchos;
				SKIP_INSTALL = YES;
				SWIFT_EMIT_LOC_STRINGS = YES;
				SWIFT_VERSION = 5.0;
				TARGETED_DEVICE_FAMILY = 4;
				VERSIONING_SYSTEM = "apple-generic";
				VERSION_INFO_PREFIX = "";
				WATCHOS_DEPLOYMENT_TARGET = 8.0;
			};
			name = Debug;
		};
		5718142E2708E58E00513DA8 /* Release */ = {
			isa = XCBuildConfiguration;
			buildSettings = {
				APPLICATION_EXTENSION_API_ONLY = YES;
				CODE_SIGN_STYLE = Automatic;
				CURRENT_PROJECT_VERSION = 1;
				DEFINES_MODULE = YES;
				DEVELOPMENT_TEAM = 3C42F7N9CQ;
				DYLIB_COMPATIBILITY_VERSION = 1;
				DYLIB_CURRENT_VERSION = 1;
				DYLIB_INSTALL_NAME_BASE = "@rpath";
				GENERATE_INFOPLIST_FILE = YES;
				INFOPLIST_KEY_NSHumanReadableCopyright = "";
				INSTALL_PATH = "$(LOCAL_LIBRARY_DIR)/Frameworks";
				LD_RUNPATH_SEARCH_PATHS = (
					"$(inherited)",
					"@executable_path/Frameworks",
					"@loader_path/Frameworks",
				);
				MARKETING_VERSION = 1.0;
				PRODUCT_BUNDLE_IDENTIFIER = co.jossy.BoroKit;
				PRODUCT_NAME = "$(TARGET_NAME:c99extidentifier)";
				SDKROOT = watchos;
				SKIP_INSTALL = YES;
				SWIFT_EMIT_LOC_STRINGS = YES;
				SWIFT_VERSION = 5.0;
				TARGETED_DEVICE_FAMILY = 4;
				VERSIONING_SYSTEM = "apple-generic";
				VERSION_INFO_PREFIX = "";
				WATCHOS_DEPLOYMENT_TARGET = 8.0;
			};
			name = Release;
		};
		571814312708E58E00513DA8 /* Debug */ = {
			isa = XCBuildConfiguration;
			buildSettings = {
				ALWAYS_EMBED_SWIFT_STANDARD_LIBRARIES = YES;
				CODE_SIGN_STYLE = Automatic;
				CURRENT_PROJECT_VERSION = 1;
				DEVELOPMENT_TEAM = 3C42F7N9CQ;
				GENERATE_INFOPLIST_FILE = YES;
				LD_RUNPATH_SEARCH_PATHS = (
					"$(inherited)",
					"@executable_path/Frameworks",
					"@loader_path/Frameworks",
				);
				MARKETING_VERSION = 1.0;
				PRODUCT_BUNDLE_IDENTIFIER = co.jossy.BoroKitTests;
				PRODUCT_NAME = "$(TARGET_NAME)";
				SDKROOT = watchos;
				SWIFT_EMIT_LOC_STRINGS = NO;
				SWIFT_VERSION = 5.0;
				TARGETED_DEVICE_FAMILY = 4;
				TEST_HOST = "$(BUILT_PRODUCTS_DIR)/Boro WatchKit Extension.appex/Boro WatchKit Extension";
				WATCHOS_DEPLOYMENT_TARGET = 8.0;
			};
			name = Debug;
		};
		571814322708E58E00513DA8 /* Release */ = {
			isa = XCBuildConfiguration;
			buildSettings = {
				ALWAYS_EMBED_SWIFT_STANDARD_LIBRARIES = YES;
				CODE_SIGN_STYLE = Automatic;
				CURRENT_PROJECT_VERSION = 1;
				DEVELOPMENT_TEAM = 3C42F7N9CQ;
				GENERATE_INFOPLIST_FILE = YES;
				LD_RUNPATH_SEARCH_PATHS = (
					"$(inherited)",
					"@executable_path/Frameworks",
					"@loader_path/Frameworks",
				);
				MARKETING_VERSION = 1.0;
				PRODUCT_BUNDLE_IDENTIFIER = co.jossy.BoroKitTests;
				PRODUCT_NAME = "$(TARGET_NAME)";
				SDKROOT = watchos;
				SWIFT_EMIT_LOC_STRINGS = NO;
				SWIFT_VERSION = 5.0;
				TARGETED_DEVICE_FAMILY = 4;
				TEST_HOST = "$(BUILT_PRODUCTS_DIR)/Boro WatchKit Extension.appex/Boro WatchKit Extension";
				WATCHOS_DEPLOYMENT_TARGET = 8.0;
			};
			name = Release;
		};
/* End XCBuildConfiguration section */

/* Begin XCConfigurationList section */
		571813E02708E4E900513DA8 /* Build configuration list for PBXProject "Boro" */ = {
			isa = XCConfigurationList;
			buildConfigurations = (
				571814032708E4ED00513DA8 /* Debug */,
				571814042708E4ED00513DA8 /* Release */,
			);
			defaultConfigurationIsVisible = 0;
			defaultConfigurationName = Release;
		};
		571814052708E4ED00513DA8 /* Build configuration list for PBXNativeTarget "Boro WatchKit Extension" */ = {
			isa = XCConfigurationList;
			buildConfigurations = (
				571814062708E4ED00513DA8 /* Debug */,
				571814072708E4ED00513DA8 /* Release */,
			);
			defaultConfigurationIsVisible = 0;
			defaultConfigurationName = Release;
		};
		571814092708E4ED00513DA8 /* Build configuration list for PBXNativeTarget "Boro WatchKit App" */ = {
			isa = XCConfigurationList;
			buildConfigurations = (
				5718140A2708E4ED00513DA8 /* Debug */,
				5718140B2708E4ED00513DA8 /* Release */,
			);
			defaultConfigurationIsVisible = 0;
			defaultConfigurationName = Release;
		};
		5718140D2708E4ED00513DA8 /* Build configuration list for PBXNativeTarget "Boro" */ = {
			isa = XCConfigurationList;
			buildConfigurations = (
				5718140E2708E4ED00513DA8 /* Debug */,
				5718140F2708E4ED00513DA8 /* Release */,
			);
			defaultConfigurationIsVisible = 0;
			defaultConfigurationName = Release;
		};
		5718142C2708E58E00513DA8 /* Build configuration list for PBXNativeTarget "BoroKit" */ = {
			isa = XCConfigurationList;
			buildConfigurations = (
				5718142D2708E58E00513DA8 /* Debug */,
				5718142E2708E58E00513DA8 /* Release */,
			);
			defaultConfigurationIsVisible = 0;
			defaultConfigurationName = Release;
		};
		571814302708E58E00513DA8 /* Build configuration list for PBXNativeTarget "BoroKitTests" */ = {
			isa = XCConfigurationList;
			buildConfigurations = (
				571814312708E58E00513DA8 /* Debug */,
				571814322708E58E00513DA8 /* Release */,
			);
			defaultConfigurationIsVisible = 0;
			defaultConfigurationName = Release;
		};
/* End XCConfigurationList section */
	};
	rootObject = 571813DD2708E4E900513DA8 /* Project object */;
}
